// !$*UTF8*$!
{
	archiveVersion = 1;
	classes = {
	};
	objectVersion = 56;
	objects = {

/* Begin PBXBuildFile section */
		46D4C0705343AE89E10100B8 /* Pods_Reminda_RemindaUITests.framework in Frameworks */ = {isa = PBXBuildFile; fileRef = B0CEB5C1A749FAD7F6355940 /* Pods_Reminda_RemindaUITests.framework */; };
		8AED9ECE405C86A311686F21 /* Pods_RemindaTests.framework in Frameworks */ = {isa = PBXBuildFile; fileRef = 9E4724A5172FFCCE2AA8FAF7 /* Pods_RemindaTests.framework */; };
		CAEFB748E516BBCF8575D7B0 /* Pods_Reminda.framework in Frameworks */ = {isa = PBXBuildFile; fileRef = 0C45C2C36B2B38250C4EFAFF /* Pods_Reminda.framework */; };
		D90AA1772CB4339D00401E3A /* Category.swift in Sources */ = {isa = PBXBuildFile; fileRef = D90AA1762CB4339D00401E3A /* Category.swift */; };
		D90AA17B2CB4348C00401E3A /* CategoryUsecase.swift in Sources */ = {isa = PBXBuildFile; fileRef = D90AA17A2CB4348C00401E3A /* CategoryUsecase.swift */; };
		D90AA1822CB590D400401E3A /* HomeTabList.swift in Sources */ = {isa = PBXBuildFile; fileRef = D90AA1812CB590D400401E3A /* HomeTabList.swift */; };
		D90AA1862CB6D64B00401E3A /* HomeMemoItem.swift in Sources */ = {isa = PBXBuildFile; fileRef = D90AA1852CB6D64B00401E3A /* HomeMemoItem.swift */; };
		D90AA1892CB6D69500401E3A /* HomeMemoGridView.swift in Sources */ = {isa = PBXBuildFile; fileRef = D90AA1882CB6D69500401E3A /* HomeMemoGridView.swift */; };
		D90AA18F2CBD71DD00401E3A /* R_Category.swift in Sources */ = {isa = PBXBuildFile; fileRef = D90AA18E2CBD71DD00401E3A /* R_Category.swift */; };
		D90AA1922CBD733700401E3A /* R_Category_Repository.swift in Sources */ = {isa = PBXBuildFile; fileRef = D90AA1912CBD733700401E3A /* R_Category_Repository.swift */; };
		D90AA1942CCA2F2600401E3A /* RealmSuppoters.swift in Sources */ = {isa = PBXBuildFile; fileRef = D90AA1932CCA2F2600401E3A /* RealmSuppoters.swift */; };
		D90AA1962CCA2F7D00401E3A /* Home+ViewModel.swift in Sources */ = {isa = PBXBuildFile; fileRef = D90AA1952CCA2F7D00401E3A /* Home+ViewModel.swift */; };
		D90AA1992CD2CA5700401E3A /* MemoItem.swift in Sources */ = {isa = PBXBuildFile; fileRef = D90AA1982CD2CA5700401E3A /* MemoItem.swift */; };
		D90AA19B2CD3B6C500401E3A /* MemoItemUsecase.swift in Sources */ = {isa = PBXBuildFile; fileRef = D90AA19A2CD3B6C500401E3A /* MemoItemUsecase.swift */; };
		D90AA19D2CD3B72400401E3A /* R_MemoItem_Repository.swift in Sources */ = {isa = PBXBuildFile; fileRef = D90AA19C2CD3B72400401E3A /* R_MemoItem_Repository.swift */; };
		D90AA19F2CD3B7B100401E3A /* R_MemoItem.swift in Sources */ = {isa = PBXBuildFile; fileRef = D90AA19E2CD3B7B100401E3A /* R_MemoItem.swift */; };
		D90AA1A12CD4DC2700401E3A /* Remida_NavigationBarModifier.swift in Sources */ = {isa = PBXBuildFile; fileRef = D90AA1A02CD4DC2700401E3A /* Remida_NavigationBarModifier.swift */; };
		D90AA1A62CD5356300401E3A /* ObservableScrollView.swift in Sources */ = {isa = PBXBuildFile; fileRef = D90AA1A52CD5356300401E3A /* ObservableScrollView.swift */; };
		D90AA1A92CD87BE300401E3A /* AddingMemo.swift in Sources */ = {isa = PBXBuildFile; fileRef = D90AA1A82CD87BE300401E3A /* AddingMemo.swift */; };
		D90AA1AB2CD9073E00401E3A /* RButton.swift in Sources */ = {isa = PBXBuildFile; fileRef = D90AA1AA2CD9073E00401E3A /* RButton.swift */; };
		D90AA1AD2CDC95ED00401E3A /* EditableView.swift in Sources */ = {isa = PBXBuildFile; fileRef = D90AA1AC2CDC95EC00401E3A /* EditableView.swift */; };
		D9D210AD2CA9A0BA00EB6A4C /* RemindaApp.swift in Sources */ = {isa = PBXBuildFile; fileRef = D9D210AC2CA9A0BA00EB6A4C /* RemindaApp.swift */; };
		D9D210AF2CA9A0BA00EB6A4C /* LaunchView.swift in Sources */ = {isa = PBXBuildFile; fileRef = D9D210AE2CA9A0BA00EB6A4C /* LaunchView.swift */; };
		D9D210B12CA9A0BC00EB6A4C /* Assets.xcassets in Resources */ = {isa = PBXBuildFile; fileRef = D9D210B02CA9A0BC00EB6A4C /* Assets.xcassets */; };
		D9D210B42CA9A0BC00EB6A4C /* Preview Assets.xcassets in Resources */ = {isa = PBXBuildFile; fileRef = D9D210B32CA9A0BC00EB6A4C /* Preview Assets.xcassets */; };
		D9D210BE2CA9A0BD00EB6A4C /* RemindaTests.swift in Sources */ = {isa = PBXBuildFile; fileRef = D9D210BD2CA9A0BD00EB6A4C /* RemindaTests.swift */; };
		D9D210C82CA9A0BD00EB6A4C /* RemindaUITests.swift in Sources */ = {isa = PBXBuildFile; fileRef = D9D210C72CA9A0BD00EB6A4C /* RemindaUITests.swift */; };
		D9D210CA2CA9A0BD00EB6A4C /* RemindaUITestsLaunchTests.swift in Sources */ = {isa = PBXBuildFile; fileRef = D9D210C92CA9A0BD00EB6A4C /* RemindaUITestsLaunchTests.swift */; };
		D9D210E02CAD93E500EB6A4C /* Main.swift in Sources */ = {isa = PBXBuildFile; fileRef = D9D210DF2CAD93E500EB6A4C /* Main.swift */; };
		D9D210E22CADAA9700EB6A4C /* Routes.swift in Sources */ = {isa = PBXBuildFile; fileRef = D9D210E12CADAA9700EB6A4C /* Routes.swift */; };
		D9D210E62CAE3EA100EB6A4C /* PreviewModifier.swift in Sources */ = {isa = PBXBuildFile; fileRef = D9D210E52CAE3EA100EB6A4C /* PreviewModifier.swift */; };
		D9D210E82CAE3F6400EB6A4C /* ViewExtension+Preview.swift in Sources */ = {isa = PBXBuildFile; fileRef = D9D210E72CAE3F6400EB6A4C /* ViewExtension+Preview.swift */; };
		D9D210EB2CAE48F600EB6A4C /* Home.swift in Sources */ = {isa = PBXBuildFile; fileRef = D9D210EA2CAE48F600EB6A4C /* Home.swift */; };
		D9D210ED2CAEE95E00EB6A4C /* ViewExtension+Dimens.swift in Sources */ = {isa = PBXBuildFile; fileRef = D9D210EC2CAEE95E00EB6A4C /* ViewExtension+Dimens.swift */; };
		D9D210F02CAEE98E00EB6A4C /* Constants.swift in Sources */ = {isa = PBXBuildFile; fileRef = D9D210EF2CAEE98E00EB6A4C /* Constants.swift */; };
		D9D210F32CAEEDA900EB6A4C /* NavBar.swift in Sources */ = {isa = PBXBuildFile; fileRef = D9D210F22CAEEDA900EB6A4C /* NavBar.swift */; };
		D9D210F62CAEF09C00EB6A4C /* CircleButtonView.swift in Sources */ = {isa = PBXBuildFile; fileRef = D9D210F52CAEF09C00EB6A4C /* CircleButtonView.swift */; };
		D9D210F92CAEF12100EB6A4C /* ColorExtensions.swift in Sources */ = {isa = PBXBuildFile; fileRef = D9D210F82CAEF12100EB6A4C /* ColorExtensions.swift */; };
/* End PBXBuildFile section */

/* Begin PBXContainerItemProxy section */
		D9D210BA2CA9A0BD00EB6A4C /* PBXContainerItemProxy */ = {
			isa = PBXContainerItemProxy;
			containerPortal = D9D210A12CA9A0BA00EB6A4C /* Project object */;
			proxyType = 1;
			remoteGlobalIDString = D9D210A82CA9A0BA00EB6A4C;
			remoteInfo = Reminda;
		};
		D9D210C42CA9A0BD00EB6A4C /* PBXContainerItemProxy */ = {
			isa = PBXContainerItemProxy;
			containerPortal = D9D210A12CA9A0BA00EB6A4C /* Project object */;
			proxyType = 1;
			remoteGlobalIDString = D9D210A82CA9A0BA00EB6A4C;
			remoteInfo = Reminda;
		};
/* End PBXContainerItemProxy section */

/* Begin PBXFileReference section */
		0399286799A7E44A2E4DD7E1 /* Pods-Reminda-RemindaUITests.release.xcconfig */ = {isa = PBXFileReference; includeInIndex = 1; lastKnownFileType = text.xcconfig; name = "Pods-Reminda-RemindaUITests.release.xcconfig"; path = "Target Support Files/Pods-Reminda-RemindaUITests/Pods-Reminda-RemindaUITests.release.xcconfig"; sourceTree = "<group>"; };
		093BBDA9D77BACE88B66EDB0 /* Pods-Reminda-RemindaUITests.debug.xcconfig */ = {isa = PBXFileReference; includeInIndex = 1; lastKnownFileType = text.xcconfig; name = "Pods-Reminda-RemindaUITests.debug.xcconfig"; path = "Target Support Files/Pods-Reminda-RemindaUITests/Pods-Reminda-RemindaUITests.debug.xcconfig"; sourceTree = "<group>"; };
		0C45C2C36B2B38250C4EFAFF /* Pods_Reminda.framework */ = {isa = PBXFileReference; explicitFileType = wrapper.framework; includeInIndex = 0; path = Pods_Reminda.framework; sourceTree = BUILT_PRODUCTS_DIR; };
		407AFE98DD494C2627E43F4C /* Pods-Reminda.release.xcconfig */ = {isa = PBXFileReference; includeInIndex = 1; lastKnownFileType = text.xcconfig; name = "Pods-Reminda.release.xcconfig"; path = "Target Support Files/Pods-Reminda/Pods-Reminda.release.xcconfig"; sourceTree = "<group>"; };
		92734EA30F3964E8F755D474 /* Pods-Reminda.debug.xcconfig */ = {isa = PBXFileReference; includeInIndex = 1; lastKnownFileType = text.xcconfig; name = "Pods-Reminda.debug.xcconfig"; path = "Target Support Files/Pods-Reminda/Pods-Reminda.debug.xcconfig"; sourceTree = "<group>"; };
		9E4724A5172FFCCE2AA8FAF7 /* Pods_RemindaTests.framework */ = {isa = PBXFileReference; explicitFileType = wrapper.framework; includeInIndex = 0; path = Pods_RemindaTests.framework; sourceTree = BUILT_PRODUCTS_DIR; };
		B0CEB5C1A749FAD7F6355940 /* Pods_Reminda_RemindaUITests.framework */ = {isa = PBXFileReference; explicitFileType = wrapper.framework; includeInIndex = 0; path = Pods_Reminda_RemindaUITests.framework; sourceTree = BUILT_PRODUCTS_DIR; };
		CBF87B8527C749ADA249D129 /* Pods-RemindaTests.release.xcconfig */ = {isa = PBXFileReference; includeInIndex = 1; lastKnownFileType = text.xcconfig; name = "Pods-RemindaTests.release.xcconfig"; path = "Target Support Files/Pods-RemindaTests/Pods-RemindaTests.release.xcconfig"; sourceTree = "<group>"; };
		D90AA1762CB4339D00401E3A /* Category.swift */ = {isa = PBXFileReference; lastKnownFileType = sourcecode.swift; path = Category.swift; sourceTree = "<group>"; };
		D90AA17A2CB4348C00401E3A /* CategoryUsecase.swift */ = {isa = PBXFileReference; lastKnownFileType = sourcecode.swift; path = CategoryUsecase.swift; sourceTree = "<group>"; };
		D90AA1812CB590D400401E3A /* HomeTabList.swift */ = {isa = PBXFileReference; lastKnownFileType = sourcecode.swift; path = HomeTabList.swift; sourceTree = "<group>"; };
		D90AA1852CB6D64B00401E3A /* HomeMemoItem.swift */ = {isa = PBXFileReference; lastKnownFileType = sourcecode.swift; path = HomeMemoItem.swift; sourceTree = "<group>"; };
		D90AA1882CB6D69500401E3A /* HomeMemoGridView.swift */ = {isa = PBXFileReference; lastKnownFileType = sourcecode.swift; path = HomeMemoGridView.swift; sourceTree = "<group>"; };
		D90AA18E2CBD71DD00401E3A /* R_Category.swift */ = {isa = PBXFileReference; lastKnownFileType = sourcecode.swift; path = R_Category.swift; sourceTree = "<group>"; };
		D90AA1912CBD733700401E3A /* R_Category_Repository.swift */ = {isa = PBXFileReference; lastKnownFileType = sourcecode.swift; path = R_Category_Repository.swift; sourceTree = "<group>"; };
		D90AA1932CCA2F2600401E3A /* RealmSuppoters.swift */ = {isa = PBXFileReference; lastKnownFileType = sourcecode.swift; name = RealmSuppoters.swift; path = Repositories/RealmSuppoters.swift; sourceTree = "<group>"; };
		D90AA1952CCA2F7D00401E3A /* Home+ViewModel.swift */ = {isa = PBXFileReference; lastKnownFileType = sourcecode.swift; path = "Home+ViewModel.swift"; sourceTree = "<group>"; };
		D90AA1982CD2CA5700401E3A /* MemoItem.swift */ = {isa = PBXFileReference; lastKnownFileType = sourcecode.swift; path = MemoItem.swift; sourceTree = "<group>"; };
		D90AA19A2CD3B6C500401E3A /* MemoItemUsecase.swift */ = {isa = PBXFileReference; lastKnownFileType = sourcecode.swift; path = MemoItemUsecase.swift; sourceTree = "<group>"; };
		D90AA19C2CD3B72400401E3A /* R_MemoItem_Repository.swift */ = {isa = PBXFileReference; lastKnownFileType = sourcecode.swift; path = R_MemoItem_Repository.swift; sourceTree = "<group>"; };
		D90AA19E2CD3B7B100401E3A /* R_MemoItem.swift */ = {isa = PBXFileReference; lastKnownFileType = sourcecode.swift; path = R_MemoItem.swift; sourceTree = "<group>"; };
		D90AA1A02CD4DC2700401E3A /* Remida_NavigationBarModifier.swift */ = {isa = PBXFileReference; lastKnownFileType = sourcecode.swift; path = Remida_NavigationBarModifier.swift; sourceTree = "<group>"; };
		D90AA1A52CD5356300401E3A /* ObservableScrollView.swift */ = {isa = PBXFileReference; lastKnownFileType = sourcecode.swift; path = ObservableScrollView.swift; sourceTree = "<group>"; };
		D90AA1A82CD87BE300401E3A /* AddingMemo.swift */ = {isa = PBXFileReference; lastKnownFileType = sourcecode.swift; path = AddingMemo.swift; sourceTree = "<group>"; };
		D90AA1AA2CD9073E00401E3A /* RButton.swift */ = {isa = PBXFileReference; lastKnownFileType = sourcecode.swift; path = RButton.swift; sourceTree = "<group>"; };
		D90AA1AC2CDC95EC00401E3A /* EditableView.swift */ = {isa = PBXFileReference; lastKnownFileType = sourcecode.swift; path = EditableView.swift; sourceTree = "<group>"; };
		D9D210A92CA9A0BA00EB6A4C /* Reminda.app */ = {isa = PBXFileReference; explicitFileType = wrapper.application; includeInIndex = 0; path = Reminda.app; sourceTree = BUILT_PRODUCTS_DIR; };
		D9D210AC2CA9A0BA00EB6A4C /* RemindaApp.swift */ = {isa = PBXFileReference; lastKnownFileType = sourcecode.swift; path = RemindaApp.swift; sourceTree = "<group>"; };
		D9D210AE2CA9A0BA00EB6A4C /* LaunchView.swift */ = {isa = PBXFileReference; lastKnownFileType = sourcecode.swift; path = LaunchView.swift; sourceTree = "<group>"; };
		D9D210B02CA9A0BC00EB6A4C /* Assets.xcassets */ = {isa = PBXFileReference; lastKnownFileType = folder.assetcatalog; path = Assets.xcassets; sourceTree = "<group>"; };
		D9D210B32CA9A0BC00EB6A4C /* Preview Assets.xcassets */ = {isa = PBXFileReference; lastKnownFileType = folder.assetcatalog; path = "Preview Assets.xcassets"; sourceTree = "<group>"; };
		D9D210B92CA9A0BD00EB6A4C /* RemindaTests.xctest */ = {isa = PBXFileReference; explicitFileType = wrapper.cfbundle; includeInIndex = 0; path = RemindaTests.xctest; sourceTree = BUILT_PRODUCTS_DIR; };
		D9D210BD2CA9A0BD00EB6A4C /* RemindaTests.swift */ = {isa = PBXFileReference; lastKnownFileType = sourcecode.swift; path = RemindaTests.swift; sourceTree = "<group>"; };
		D9D210C32CA9A0BD00EB6A4C /* RemindaUITests.xctest */ = {isa = PBXFileReference; explicitFileType = wrapper.cfbundle; includeInIndex = 0; path = RemindaUITests.xctest; sourceTree = BUILT_PRODUCTS_DIR; };
		D9D210C72CA9A0BD00EB6A4C /* RemindaUITests.swift */ = {isa = PBXFileReference; lastKnownFileType = sourcecode.swift; path = RemindaUITests.swift; sourceTree = "<group>"; };
		D9D210C92CA9A0BD00EB6A4C /* RemindaUITestsLaunchTests.swift */ = {isa = PBXFileReference; lastKnownFileType = sourcecode.swift; path = RemindaUITestsLaunchTests.swift; sourceTree = "<group>"; };
		D9D210DF2CAD93E500EB6A4C /* Main.swift */ = {isa = PBXFileReference; lastKnownFileType = sourcecode.swift; path = Main.swift; sourceTree = "<group>"; };
		D9D210E12CADAA9700EB6A4C /* Routes.swift */ = {isa = PBXFileReference; lastKnownFileType = sourcecode.swift; path = Routes.swift; sourceTree = "<group>"; };
		D9D210E52CAE3EA100EB6A4C /* PreviewModifier.swift */ = {isa = PBXFileReference; lastKnownFileType = sourcecode.swift; path = PreviewModifier.swift; sourceTree = "<group>"; };
		D9D210E72CAE3F6400EB6A4C /* ViewExtension+Preview.swift */ = {isa = PBXFileReference; lastKnownFileType = sourcecode.swift; path = "ViewExtension+Preview.swift"; sourceTree = "<group>"; };
		D9D210EA2CAE48F600EB6A4C /* Home.swift */ = {isa = PBXFileReference; lastKnownFileType = sourcecode.swift; path = Home.swift; sourceTree = "<group>"; };
		D9D210EC2CAEE95E00EB6A4C /* ViewExtension+Dimens.swift */ = {isa = PBXFileReference; lastKnownFileType = sourcecode.swift; path = "ViewExtension+Dimens.swift"; sourceTree = "<group>"; };
		D9D210EF2CAEE98E00EB6A4C /* Constants.swift */ = {isa = PBXFileReference; lastKnownFileType = sourcecode.swift; path = Constants.swift; sourceTree = "<group>"; };
		D9D210F22CAEEDA900EB6A4C /* NavBar.swift */ = {isa = PBXFileReference; lastKnownFileType = sourcecode.swift; path = NavBar.swift; sourceTree = "<group>"; };
		D9D210F52CAEF09C00EB6A4C /* CircleButtonView.swift */ = {isa = PBXFileReference; lastKnownFileType = sourcecode.swift; path = CircleButtonView.swift; sourceTree = "<group>"; };
		D9D210F82CAEF12100EB6A4C /* ColorExtensions.swift */ = {isa = PBXFileReference; lastKnownFileType = sourcecode.swift; path = ColorExtensions.swift; sourceTree = "<group>"; };
		E13EA3BA5956CBBB5F734EA0 /* Pods-RemindaTests.debug.xcconfig */ = {isa = PBXFileReference; includeInIndex = 1; lastKnownFileType = text.xcconfig; name = "Pods-RemindaTests.debug.xcconfig"; path = "Target Support Files/Pods-RemindaTests/Pods-RemindaTests.debug.xcconfig"; sourceTree = "<group>"; };
/* End PBXFileReference section */

/* Begin PBXFrameworksBuildPhase section */
		D9D210A62CA9A0BA00EB6A4C /* Frameworks */ = {
			isa = PBXFrameworksBuildPhase;
			buildActionMask = 2147483647;
			files = (
				CAEFB748E516BBCF8575D7B0 /* Pods_Reminda.framework in Frameworks */,
			);
			runOnlyForDeploymentPostprocessing = 0;
		};
		D9D210B62CA9A0BD00EB6A4C /* Frameworks */ = {
			isa = PBXFrameworksBuildPhase;
			buildActionMask = 2147483647;
			files = (
				8AED9ECE405C86A311686F21 /* Pods_RemindaTests.framework in Frameworks */,
			);
			runOnlyForDeploymentPostprocessing = 0;
		};
		D9D210C02CA9A0BD00EB6A4C /* Frameworks */ = {
			isa = PBXFrameworksBuildPhase;
			buildActionMask = 2147483647;
			files = (
				46D4C0705343AE89E10100B8 /* Pods_Reminda_RemindaUITests.framework in Frameworks */,
			);
			runOnlyForDeploymentPostprocessing = 0;
		};
/* End PBXFrameworksBuildPhase section */

/* Begin PBXGroup section */
		3B9E785FD457F43B2CF77BF6 /* Pods */ = {
			isa = PBXGroup;
			children = (
				92734EA30F3964E8F755D474 /* Pods-Reminda.debug.xcconfig */,
				407AFE98DD494C2627E43F4C /* Pods-Reminda.release.xcconfig */,
				093BBDA9D77BACE88B66EDB0 /* Pods-Reminda-RemindaUITests.debug.xcconfig */,
				0399286799A7E44A2E4DD7E1 /* Pods-Reminda-RemindaUITests.release.xcconfig */,
				E13EA3BA5956CBBB5F734EA0 /* Pods-RemindaTests.debug.xcconfig */,
				CBF87B8527C749ADA249D129 /* Pods-RemindaTests.release.xcconfig */,
			);
			path = Pods;
			sourceTree = "<group>";
		};
		935986F275CC01D36B9F6D4F /* Frameworks */ = {
			isa = PBXGroup;
			children = (
				0C45C2C36B2B38250C4EFAFF /* Pods_Reminda.framework */,
				B0CEB5C1A749FAD7F6355940 /* Pods_Reminda_RemindaUITests.framework */,
				9E4724A5172FFCCE2AA8FAF7 /* Pods_RemindaTests.framework */,
			);
			name = Frameworks;
			sourceTree = "<group>";
		};
		D90AA1782CB433A400401E3A /* Entities */ = {
			isa = PBXGroup;
			children = (
				D90AA1762CB4339D00401E3A /* Category.swift */,
				D90AA1982CD2CA5700401E3A /* MemoItem.swift */,
			);
			path = Entities;
			sourceTree = "<group>";
		};
		D90AA1792CB4347000401E3A /* Usecases */ = {
			isa = PBXGroup;
			children = (
				D90AA17A2CB4348C00401E3A /* CategoryUsecase.swift */,
				D90AA19A2CD3B6C500401E3A /* MemoItemUsecase.swift */,
			);
			path = Usecases;
			sourceTree = "<group>";
		};
		D90AA17C2CB43AF000401E3A /* Components */ = {
			isa = PBXGroup;
			children = (
				D90AA1812CB590D400401E3A /* HomeTabList.swift */,
				D90AA1882CB6D69500401E3A /* HomeMemoGridView.swift */,
				D90AA1852CB6D64B00401E3A /* HomeMemoItem.swift */,
			);
			path = Components;
			sourceTree = "<group>";
		};
		D90AA18A2CB82DA900401E3A /* Repositories */ = {
			isa = PBXGroup;
			children = (
				D90AA1912CBD733700401E3A /* R_Category_Repository.swift */,
				D90AA19C2CD3B72400401E3A /* R_MemoItem_Repository.swift */,
			);
			path = Repositories;
			sourceTree = "<group>";
		};
		D90AA18B2CBD71AA00401E3A /* Realm */ = {
			isa = PBXGroup;
			children = (
				D90AA1932CCA2F2600401E3A /* RealmSuppoters.swift */,
				D90AA18C2CBD71B400401E3A /* Models */,
				D90AA18A2CB82DA900401E3A /* Repositories */,
			);
			path = Realm;
			sourceTree = "<group>";
		};
		D90AA18C2CBD71B400401E3A /* Models */ = {
			isa = PBXGroup;
			children = (
				D90AA18E2CBD71DD00401E3A /* R_Category.swift */,
				D90AA19E2CD3B7B100401E3A /* R_MemoItem.swift */,
			);
			path = Models;
			sourceTree = "<group>";
		};
		D90AA1A72CD8795500401E3A /* AddingMemo */ = {
			isa = PBXGroup;
			children = (
				D90AA1AE2CDC95F500401E3A /* Components */,
				D90AA1A82CD87BE300401E3A /* AddingMemo.swift */,
			);
			path = AddingMemo;
			sourceTree = "<group>";
		};
		D90AA1AE2CDC95F500401E3A /* Components */ = {
			isa = PBXGroup;
			children = (
				D90AA1AC2CDC95EC00401E3A /* EditableView.swift */,
			);
			path = Components;
			sourceTree = "<group>";
		};
		D9D210A02CA9A0BA00EB6A4C = {
			isa = PBXGroup;
			children = (
				D9D210AB2CA9A0BA00EB6A4C /* Reminda */,
				D9D210BC2CA9A0BD00EB6A4C /* RemindaTests */,
				D9D210C62CA9A0BD00EB6A4C /* RemindaUITests */,
				D9D210AA2CA9A0BA00EB6A4C /* Products */,
				3B9E785FD457F43B2CF77BF6 /* Pods */,
				935986F275CC01D36B9F6D4F /* Frameworks */,
			);
			sourceTree = "<group>";
		};
		D9D210AA2CA9A0BA00EB6A4C /* Products */ = {
			isa = PBXGroup;
			children = (
				D9D210A92CA9A0BA00EB6A4C /* Reminda.app */,
				D9D210B92CA9A0BD00EB6A4C /* RemindaTests.xctest */,
				D9D210C32CA9A0BD00EB6A4C /* RemindaUITests.xctest */,
			);
			name = Products;
			sourceTree = "<group>";
		};
		D9D210AB2CA9A0BA00EB6A4C /* Reminda */ = {
			isa = PBXGroup;
			children = (
				D9D210B02CA9A0BC00EB6A4C /* Assets.xcassets */,
				D9D210AC2CA9A0BA00EB6A4C /* RemindaApp.swift */,
				D9D210DA2CA9A3D500EB6A4C /* Domain */,
				D9D210D92CA9A3A700EB6A4C /* Datas */,
				D9D210D82CA9A38900EB6A4C /* Configs */,
				D9D210D72CA9A33A00EB6A4C /* Services */,
				D9D210D62CA9A30100EB6A4C /* Presentation */,
				D9D210B22CA9A0BC00EB6A4C /* Preview Content */,
			);
			path = Reminda;
			sourceTree = "<group>";
		};
		D9D210B22CA9A0BC00EB6A4C /* Preview Content */ = {
			isa = PBXGroup;
			children = (
				D9D210B32CA9A0BC00EB6A4C /* Preview Assets.xcassets */,
			);
			path = "Preview Content";
			sourceTree = "<group>";
		};
		D9D210BC2CA9A0BD00EB6A4C /* RemindaTests */ = {
			isa = PBXGroup;
			children = (
				D9D210BD2CA9A0BD00EB6A4C /* RemindaTests.swift */,
			);
			path = RemindaTests;
			sourceTree = "<group>";
		};
		D9D210C62CA9A0BD00EB6A4C /* RemindaUITests */ = {
			isa = PBXGroup;
			children = (
				D9D210C72CA9A0BD00EB6A4C /* RemindaUITests.swift */,
				D9D210C92CA9A0BD00EB6A4C /* RemindaUITestsLaunchTests.swift */,
			);
			path = RemindaUITests;
			sourceTree = "<group>";
		};
		D9D210D62CA9A30100EB6A4C /* Presentation */ = {
			isa = PBXGroup;
			children = (
				D9D210DF2CAD93E500EB6A4C /* Main.swift */,
				D9D210F22CAEEDA900EB6A4C /* NavBar.swift */,
				D9D210F72CAEF0A800EB6A4C /* Components */,
				D9D210DE2CAC442800EB6A4C /* LaunchScreen */,
				D9D210E92CAE48E800EB6A4C /* Home */,
				D90AA1A72CD8795500401E3A /* AddingMemo */,
			);
			path = Presentation;
			sourceTree = "<group>";
		};
		D9D210D72CA9A33A00EB6A4C /* Services */ = {
			isa = PBXGroup;
			children = (
				D9D210E12CADAA9700EB6A4C /* Routes.swift */,
				D9D210DC2CA9A44900EB6A4C /* Extensions */,
				D9D210DB2CA9A43F00EB6A4C /* Utilities */,
			);
			path = Services;
			sourceTree = "<group>";
		};
		D9D210D82CA9A38900EB6A4C /* Configs */ = {
			isa = PBXGroup;
			children = (
			);
			name = Configs;
			path = "Cònig";
			sourceTree = "<group>";
		};
		D9D210D92CA9A3A700EB6A4C /* Datas */ = {
			isa = PBXGroup;
			children = (
				D90AA18B2CBD71AA00401E3A /* Realm */,
				D9D210DD2CA9A52D00EB6A4C /* Network */,
			);
			path = Datas;
			sourceTree = "<group>";
		};
		D9D210DA2CA9A3D500EB6A4C /* Domain */ = {
			isa = PBXGroup;
			children = (
				D90AA1782CB433A400401E3A /* Entities */,
				D90AA1792CB4347000401E3A /* Usecases */,
			);
			path = Domain;
			sourceTree = "<group>";
		};
		D9D210DB2CA9A43F00EB6A4C /* Utilities */ = {
			isa = PBXGroup;
			children = (
				D9D210E42CAE3E7500EB6A4C /* Modifiers */,
			);
			path = Utilities;
			sourceTree = "<group>";
		};
		D9D210DC2CA9A44900EB6A4C /* Extensions */ = {
			isa = PBXGroup;
			children = (
				D9D210EE2CAEE97A00EB6A4C /* Constants */,
				D9D210E32CAE3E1B00EB6A4C /* ViewExtensions */,
				D9D210F82CAEF12100EB6A4C /* ColorExtensions.swift */,
			);
			path = Extensions;
			sourceTree = "<group>";
		};
		D9D210DD2CA9A52D00EB6A4C /* Network */ = {
			isa = PBXGroup;
			children = (
			);
			path = Network;
			sourceTree = "<group>";
		};
		D9D210DE2CAC442800EB6A4C /* LaunchScreen */ = {
			isa = PBXGroup;
			children = (
				D9D210AE2CA9A0BA00EB6A4C /* LaunchView.swift */,
			);
			path = LaunchScreen;
			sourceTree = "<group>";
		};
		D9D210E32CAE3E1B00EB6A4C /* ViewExtensions */ = {
			isa = PBXGroup;
			children = (
				D9D210E72CAE3F6400EB6A4C /* ViewExtension+Preview.swift */,
				D9D210EC2CAEE95E00EB6A4C /* ViewExtension+Dimens.swift */,
			);
			path = ViewExtensions;
			sourceTree = "<group>";
		};
		D9D210E42CAE3E7500EB6A4C /* Modifiers */ = {
			isa = PBXGroup;
			children = (
				D9D210E52CAE3EA100EB6A4C /* PreviewModifier.swift */,
				D90AA1A02CD4DC2700401E3A /* Remida_NavigationBarModifier.swift */,
			);
			path = Modifiers;
			sourceTree = "<group>";
		};
		D9D210E92CAE48E800EB6A4C /* Home */ = {
			isa = PBXGroup;
			children = (
				D90AA17C2CB43AF000401E3A /* Components */,
				D9D210EA2CAE48F600EB6A4C /* Home.swift */,
				D90AA1952CCA2F7D00401E3A /* Home+ViewModel.swift */,
			);
			path = Home;
			sourceTree = "<group>";
		};
		D9D210EE2CAEE97A00EB6A4C /* Constants */ = {
			isa = PBXGroup;
			children = (
				D9D210EF2CAEE98E00EB6A4C /* Constants.swift */,
			);
			path = Constants;
			sourceTree = "<group>";
		};
		D9D210F72CAEF0A800EB6A4C /* Components */ = {
			isa = PBXGroup;
			children = (
				D9D210F52CAEF09C00EB6A4C /* CircleButtonView.swift */,
				D90AA1A52CD5356300401E3A /* ObservableScrollView.swift */,
				D90AA1AA2CD9073E00401E3A /* RButton.swift */,
			);
			path = Components;
			sourceTree = "<group>";
		};
/* End PBXGroup section */

/* Begin PBXNativeTarget section */
		D9D210A82CA9A0BA00EB6A4C /* Reminda */ = {
			isa = PBXNativeTarget;
			buildConfigurationList = D9D210CD2CA9A0BD00EB6A4C /* Build configuration list for PBXNativeTarget "Reminda" */;
			buildPhases = (
				554C1636DFD99DEE0A33B0A1 /* [CP] Check Pods Manifest.lock */,
				D9D210A52CA9A0BA00EB6A4C /* Sources */,
				D9D210A62CA9A0BA00EB6A4C /* Frameworks */,
				D9D210A72CA9A0BA00EB6A4C /* Resources */,
				98DFC1B9B5BEA72BB94353E4 /* [CP] Embed Pods Frameworks */,
			);
			buildRules = (
			);
			dependencies = (
			);
			name = Reminda;
			productName = Reminda;
			productReference = D9D210A92CA9A0BA00EB6A4C /* Reminda.app */;
			productType = "com.apple.product-type.application";
		};
		D9D210B82CA9A0BD00EB6A4C /* RemindaTests */ = {
			isa = PBXNativeTarget;
			buildConfigurationList = D9D210D02CA9A0BD00EB6A4C /* Build configuration list for PBXNativeTarget "RemindaTests" */;
			buildPhases = (
				0088E906FF0752DA75B105DF /* [CP] Check Pods Manifest.lock */,
				D9D210B52CA9A0BD00EB6A4C /* Sources */,
				D9D210B62CA9A0BD00EB6A4C /* Frameworks */,
				D9D210B72CA9A0BD00EB6A4C /* Resources */,
			);
			buildRules = (
			);
			dependencies = (
				D9D210BB2CA9A0BD00EB6A4C /* PBXTargetDependency */,
			);
			name = RemindaTests;
			productName = RemindaTests;
			productReference = D9D210B92CA9A0BD00EB6A4C /* RemindaTests.xctest */;
			productType = "com.apple.product-type.bundle.unit-test";
		};
		D9D210C22CA9A0BD00EB6A4C /* RemindaUITests */ = {
			isa = PBXNativeTarget;
			buildConfigurationList = D9D210D32CA9A0BD00EB6A4C /* Build configuration list for PBXNativeTarget "RemindaUITests" */;
			buildPhases = (
				F546B471191C28F6B50BC35E /* [CP] Check Pods Manifest.lock */,
				D9D210BF2CA9A0BD00EB6A4C /* Sources */,
				D9D210C02CA9A0BD00EB6A4C /* Frameworks */,
				D9D210C12CA9A0BD00EB6A4C /* Resources */,
				E2EA4D2EB43458AE968B2AF4 /* [CP] Embed Pods Frameworks */,
			);
			buildRules = (
			);
			dependencies = (
				D9D210C52CA9A0BD00EB6A4C /* PBXTargetDependency */,
			);
			name = RemindaUITests;
			productName = RemindaUITests;
			productReference = D9D210C32CA9A0BD00EB6A4C /* RemindaUITests.xctest */;
			productType = "com.apple.product-type.bundle.ui-testing";
		};
/* End PBXNativeTarget section */

/* Begin PBXProject section */
		D9D210A12CA9A0BA00EB6A4C /* Project object */ = {
			isa = PBXProject;
			attributes = {
				BuildIndependentTargetsInParallel = 1;
				LastSwiftUpdateCheck = 1520;
				LastUpgradeCheck = 1520;
				TargetAttributes = {
					D9D210A82CA9A0BA00EB6A4C = {
						CreatedOnToolsVersion = 15.2;
					};
					D9D210B82CA9A0BD00EB6A4C = {
						CreatedOnToolsVersion = 15.2;
						TestTargetID = D9D210A82CA9A0BA00EB6A4C;
					};
					D9D210C22CA9A0BD00EB6A4C = {
						CreatedOnToolsVersion = 15.2;
						TestTargetID = D9D210A82CA9A0BA00EB6A4C;
					};
				};
			};
			buildConfigurationList = D9D210A42CA9A0BA00EB6A4C /* Build configuration list for PBXProject "Reminda" */;
			compatibilityVersion = "Xcode 14.0";
			developmentRegion = en;
			hasScannedForEncodings = 0;
			knownRegions = (
				en,
				Base,
			);
			mainGroup = D9D210A02CA9A0BA00EB6A4C;
			productRefGroup = D9D210AA2CA9A0BA00EB6A4C /* Products */;
			projectDirPath = "";
			projectRoot = "";
			targets = (
				D9D210A82CA9A0BA00EB6A4C /* Reminda */,
				D9D210B82CA9A0BD00EB6A4C /* RemindaTests */,
				D9D210C22CA9A0BD00EB6A4C /* RemindaUITests */,
			);
		};
/* End PBXProject section */

/* Begin PBXResourcesBuildPhase section */
		D9D210A72CA9A0BA00EB6A4C /* Resources */ = {
			isa = PBXResourcesBuildPhase;
			buildActionMask = 2147483647;
			files = (
				D9D210B42CA9A0BC00EB6A4C /* Preview Assets.xcassets in Resources */,
				D9D210B12CA9A0BC00EB6A4C /* Assets.xcassets in Resources */,
			);
			runOnlyForDeploymentPostprocessing = 0;
		};
		D9D210B72CA9A0BD00EB6A4C /* Resources */ = {
			isa = PBXResourcesBuildPhase;
			buildActionMask = 2147483647;
			files = (
			);
			runOnlyForDeploymentPostprocessing = 0;
		};
		D9D210C12CA9A0BD00EB6A4C /* Resources */ = {
			isa = PBXResourcesBuildPhase;
			buildActionMask = 2147483647;
			files = (
			);
			runOnlyForDeploymentPostprocessing = 0;
		};
/* End PBXResourcesBuildPhase section */

/* Begin PBXShellScriptBuildPhase section */
		0088E906FF0752DA75B105DF /* [CP] Check Pods Manifest.lock */ = {
			isa = PBXShellScriptBuildPhase;
			buildActionMask = 2147483647;
			files = (
			);
			inputFileListPaths = (
			);
			inputPaths = (
				"${PODS_PODFILE_DIR_PATH}/Podfile.lock",
				"${PODS_ROOT}/Manifest.lock",
			);
			name = "[CP] Check Pods Manifest.lock";
			outputFileListPaths = (
			);
			outputPaths = (
				"$(DERIVED_FILE_DIR)/Pods-RemindaTests-checkManifestLockResult.txt",
			);
			runOnlyForDeploymentPostprocessing = 0;
			shellPath = /bin/sh;
			shellScript = "diff \"${PODS_PODFILE_DIR_PATH}/Podfile.lock\" \"${PODS_ROOT}/Manifest.lock\" > /dev/null\nif [ $? != 0 ] ; then\n    # print error to STDERR\n    echo \"error: The sandbox is not in sync with the Podfile.lock. Run 'pod install' or update your CocoaPods installation.\" >&2\n    exit 1\nfi\n# This output is used by Xcode 'outputs' to avoid re-running this script phase.\necho \"SUCCESS\" > \"${SCRIPT_OUTPUT_FILE_0}\"\n";
			showEnvVarsInLog = 0;
		};
		554C1636DFD99DEE0A33B0A1 /* [CP] Check Pods Manifest.lock */ = {
			isa = PBXShellScriptBuildPhase;
			buildActionMask = 2147483647;
			files = (
			);
			inputFileListPaths = (
			);
			inputPaths = (
				"${PODS_PODFILE_DIR_PATH}/Podfile.lock",
				"${PODS_ROOT}/Manifest.lock",
			);
			name = "[CP] Check Pods Manifest.lock";
			outputFileListPaths = (
			);
			outputPaths = (
				"$(DERIVED_FILE_DIR)/Pods-Reminda-checkManifestLockResult.txt",
			);
			runOnlyForDeploymentPostprocessing = 0;
			shellPath = /bin/sh;
			shellScript = "diff \"${PODS_PODFILE_DIR_PATH}/Podfile.lock\" \"${PODS_ROOT}/Manifest.lock\" > /dev/null\nif [ $? != 0 ] ; then\n    # print error to STDERR\n    echo \"error: The sandbox is not in sync with the Podfile.lock. Run 'pod install' or update your CocoaPods installation.\" >&2\n    exit 1\nfi\n# This output is used by Xcode 'outputs' to avoid re-running this script phase.\necho \"SUCCESS\" > \"${SCRIPT_OUTPUT_FILE_0}\"\n";
			showEnvVarsInLog = 0;
		};
		98DFC1B9B5BEA72BB94353E4 /* [CP] Embed Pods Frameworks */ = {
			isa = PBXShellScriptBuildPhase;
			buildActionMask = 2147483647;
			files = (
			);
			inputFileListPaths = (
				"${PODS_ROOT}/Target Support Files/Pods-Reminda/Pods-Reminda-frameworks-${CONFIGURATION}-input-files.xcfilelist",
			);
			name = "[CP] Embed Pods Frameworks";
			outputFileListPaths = (
				"${PODS_ROOT}/Target Support Files/Pods-Reminda/Pods-Reminda-frameworks-${CONFIGURATION}-output-files.xcfilelist",
			);
			runOnlyForDeploymentPostprocessing = 0;
			shellPath = /bin/sh;
			shellScript = "\"${PODS_ROOT}/Target Support Files/Pods-Reminda/Pods-Reminda-frameworks.sh\"\n";
			showEnvVarsInLog = 0;
		};
		E2EA4D2EB43458AE968B2AF4 /* [CP] Embed Pods Frameworks */ = {
			isa = PBXShellScriptBuildPhase;
			buildActionMask = 2147483647;
			files = (
			);
			inputFileListPaths = (
				"${PODS_ROOT}/Target Support Files/Pods-Reminda-RemindaUITests/Pods-Reminda-RemindaUITests-frameworks-${CONFIGURATION}-input-files.xcfilelist",
			);
			name = "[CP] Embed Pods Frameworks";
			outputFileListPaths = (
				"${PODS_ROOT}/Target Support Files/Pods-Reminda-RemindaUITests/Pods-Reminda-RemindaUITests-frameworks-${CONFIGURATION}-output-files.xcfilelist",
			);
			runOnlyForDeploymentPostprocessing = 0;
			shellPath = /bin/sh;
			shellScript = "\"${PODS_ROOT}/Target Support Files/Pods-Reminda-RemindaUITests/Pods-Reminda-RemindaUITests-frameworks.sh\"\n";
			showEnvVarsInLog = 0;
		};
		F546B471191C28F6B50BC35E /* [CP] Check Pods Manifest.lock */ = {
			isa = PBXShellScriptBuildPhase;
			buildActionMask = 2147483647;
			files = (
			);
			inputFileListPaths = (
			);
			inputPaths = (
				"${PODS_PODFILE_DIR_PATH}/Podfile.lock",
				"${PODS_ROOT}/Manifest.lock",
			);
			name = "[CP] Check Pods Manifest.lock";
			outputFileListPaths = (
			);
			outputPaths = (
				"$(DERIVED_FILE_DIR)/Pods-Reminda-RemindaUITests-checkManifestLockResult.txt",
			);
			runOnlyForDeploymentPostprocessing = 0;
			shellPath = /bin/sh;
			shellScript = "diff \"${PODS_PODFILE_DIR_PATH}/Podfile.lock\" \"${PODS_ROOT}/Manifest.lock\" > /dev/null\nif [ $? != 0 ] ; then\n    # print error to STDERR\n    echo \"error: The sandbox is not in sync with the Podfile.lock. Run 'pod install' or update your CocoaPods installation.\" >&2\n    exit 1\nfi\n# This output is used by Xcode 'outputs' to avoid re-running this script phase.\necho \"SUCCESS\" > \"${SCRIPT_OUTPUT_FILE_0}\"\n";
			showEnvVarsInLog = 0;
		};
/* End PBXShellScriptBuildPhase section */

/* Begin PBXSourcesBuildPhase section */
		D9D210A52CA9A0BA00EB6A4C /* Sources */ = {
			isa = PBXSourcesBuildPhase;
			buildActionMask = 2147483647;
			files = (
				D90AA1772CB4339D00401E3A /* Category.swift in Sources */,
				D9D210ED2CAEE95E00EB6A4C /* ViewExtension+Dimens.swift in Sources */,
				D9D210E02CAD93E500EB6A4C /* Main.swift in Sources */,
				D90AA1862CB6D64B00401E3A /* HomeMemoItem.swift in Sources */,
				D90AA1922CBD733700401E3A /* R_Category_Repository.swift in Sources */,
				D90AA1942CCA2F2600401E3A /* RealmSuppoters.swift in Sources */,
				D90AA1992CD2CA5700401E3A /* MemoItem.swift in Sources */,
				D9D210F62CAEF09C00EB6A4C /* CircleButtonView.swift in Sources */,
				D9D210E82CAE3F6400EB6A4C /* ViewExtension+Preview.swift in Sources */,
				D9D210E22CADAA9700EB6A4C /* Routes.swift in Sources */,
				D90AA17B2CB4348C00401E3A /* CategoryUsecase.swift in Sources */,
				D90AA1AB2CD9073E00401E3A /* RButton.swift in Sources */,
				D90AA19D2CD3B72400401E3A /* R_MemoItem_Repository.swift in Sources */,
				D9D210AF2CA9A0BA00EB6A4C /* LaunchView.swift in Sources */,
				D90AA1822CB590D400401E3A /* HomeTabList.swift in Sources */,
				D90AA1A62CD5356300401E3A /* ObservableScrollView.swift in Sources */,
				D90AA1AD2CDC95ED00401E3A /* EditableView.swift in Sources */,
				D9D210F32CAEEDA900EB6A4C /* NavBar.swift in Sources */,
				D9D210E62CAE3EA100EB6A4C /* PreviewModifier.swift in Sources */,
				D90AA1A12CD4DC2700401E3A /* Remida_NavigationBarModifier.swift in Sources */,
				D90AA1962CCA2F7D00401E3A /* Home+ViewModel.swift in Sources */,
				D9D210AD2CA9A0BA00EB6A4C /* RemindaApp.swift in Sources */,
				D90AA1A92CD87BE300401E3A /* AddingMemo.swift in Sources */,
				D90AA18F2CBD71DD00401E3A /* R_Category.swift in Sources */,
				D90AA19F2CD3B7B100401E3A /* R_MemoItem.swift in Sources */,
				D9D210EB2CAE48F600EB6A4C /* Home.swift in Sources */,
				D90AA19B2CD3B6C500401E3A /* MemoItemUsecase.swift in Sources */,
				D90AA1892CB6D69500401E3A /* HomeMemoGridView.swift in Sources */,
				D9D210F02CAEE98E00EB6A4C /* Constants.swift in Sources */,
				D9D210F92CAEF12100EB6A4C /* ColorExtensions.swift in Sources */,
			);
			runOnlyForDeploymentPostprocessing = 0;
		};
		D9D210B52CA9A0BD00EB6A4C /* Sources */ = {
			isa = PBXSourcesBuildPhase;
			buildActionMask = 2147483647;
			files = (
				D9D210BE2CA9A0BD00EB6A4C /* RemindaTests.swift in Sources */,
			);
			runOnlyForDeploymentPostprocessing = 0;
		};
		D9D210BF2CA9A0BD00EB6A4C /* Sources */ = {
			isa = PBXSourcesBuildPhase;
			buildActionMask = 2147483647;
			files = (
				D9D210C82CA9A0BD00EB6A4C /* RemindaUITests.swift in Sources */,
				D9D210CA2CA9A0BD00EB6A4C /* RemindaUITestsLaunchTests.swift in Sources */,
			);
			runOnlyForDeploymentPostprocessing = 0;
		};
/* End PBXSourcesBuildPhase section */

/* Begin PBXTargetDependency section */
		D9D210BB2CA9A0BD00EB6A4C /* PBXTargetDependency */ = {
			isa = PBXTargetDependency;
			target = D9D210A82CA9A0BA00EB6A4C /* Reminda */;
			targetProxy = D9D210BA2CA9A0BD00EB6A4C /* PBXContainerItemProxy */;
		};
		D9D210C52CA9A0BD00EB6A4C /* PBXTargetDependency */ = {
			isa = PBXTargetDependency;
			target = D9D210A82CA9A0BA00EB6A4C /* Reminda */;
			targetProxy = D9D210C42CA9A0BD00EB6A4C /* PBXContainerItemProxy */;
		};
/* End PBXTargetDependency section */

/* Begin XCBuildConfiguration section */
		D9D210CB2CA9A0BD00EB6A4C /* Debug */ = {
			isa = XCBuildConfiguration;
			buildSettings = {
				ALWAYS_SEARCH_USER_PATHS = NO;
				ASSETCATALOG_COMPILER_GENERATE_SWIFT_ASSET_SYMBOL_EXTENSIONS = YES;
				CLANG_ANALYZER_NONNULL = YES;
				CLANG_ANALYZER_NUMBER_OBJECT_CONVERSION = YES_AGGRESSIVE;
				CLANG_CXX_LANGUAGE_STANDARD = "gnu++20";
				CLANG_ENABLE_MODULES = YES;
				CLANG_ENABLE_OBJC_ARC = YES;
				CLANG_ENABLE_OBJC_WEAK = YES;
				CLANG_WARN_BLOCK_CAPTURE_AUTORELEASING = YES;
				CLANG_WARN_BOOL_CONVERSION = YES;
				CLANG_WARN_COMMA = YES;
				CLANG_WARN_CONSTANT_CONVERSION = YES;
				CLANG_WARN_DEPRECATED_OBJC_IMPLEMENTATIONS = YES;
				CLANG_WARN_DIRECT_OBJC_ISA_USAGE = YES_ERROR;
				CLANG_WARN_DOCUMENTATION_COMMENTS = YES;
				CLANG_WARN_EMPTY_BODY = YES;
				CLANG_WARN_ENUM_CONVERSION = YES;
				CLANG_WARN_INFINITE_RECURSION = YES;
				CLANG_WARN_INT_CONVERSION = YES;
				CLANG_WARN_NON_LITERAL_NULL_CONVERSION = YES;
				CLANG_WARN_OBJC_IMPLICIT_RETAIN_SELF = YES;
				CLANG_WARN_OBJC_LITERAL_CONVERSION = YES;
				CLANG_WARN_OBJC_ROOT_CLASS = YES_ERROR;
				CLANG_WARN_QUOTED_INCLUDE_IN_FRAMEWORK_HEADER = YES;
				CLANG_WARN_RANGE_LOOP_ANALYSIS = YES;
				CLANG_WARN_STRICT_PROTOTYPES = YES;
				CLANG_WARN_SUSPICIOUS_MOVE = YES;
				CLANG_WARN_UNGUARDED_AVAILABILITY = YES_AGGRESSIVE;
				CLANG_WARN_UNREACHABLE_CODE = YES;
				CLANG_WARN__DUPLICATE_METHOD_MATCH = YES;
				COPY_PHASE_STRIP = NO;
				DEBUG_INFORMATION_FORMAT = dwarf;
				ENABLE_STRICT_OBJC_MSGSEND = YES;
				ENABLE_TESTABILITY = YES;
				ENABLE_USER_SCRIPT_SANDBOXING = YES;
				GCC_C_LANGUAGE_STANDARD = gnu17;
				GCC_DYNAMIC_NO_PIC = NO;
				GCC_NO_COMMON_BLOCKS = YES;
				GCC_OPTIMIZATION_LEVEL = 0;
				GCC_PREPROCESSOR_DEFINITIONS = (
					"DEBUG=1",
					"$(inherited)",
				);
				GCC_WARN_64_TO_32_BIT_CONVERSION = YES;
				GCC_WARN_ABOUT_RETURN_TYPE = YES_ERROR;
				GCC_WARN_UNDECLARED_SELECTOR = YES;
				GCC_WARN_UNINITIALIZED_AUTOS = YES_AGGRESSIVE;
				GCC_WARN_UNUSED_FUNCTION = YES;
				GCC_WARN_UNUSED_VARIABLE = YES;
				IPHONEOS_DEPLOYMENT_TARGET = 17.2;
				LOCALIZATION_PREFERS_STRING_CATALOGS = YES;
				MTL_ENABLE_DEBUG_INFO = INCLUDE_SOURCE;
				MTL_FAST_MATH = YES;
				ONLY_ACTIVE_ARCH = YES;
				SDKROOT = iphoneos;
				SWIFT_ACTIVE_COMPILATION_CONDITIONS = "DEBUG $(inherited)";
				SWIFT_OPTIMIZATION_LEVEL = "-Onone";
			};
			name = Debug;
		};
		D9D210CC2CA9A0BD00EB6A4C /* Release */ = {
			isa = XCBuildConfiguration;
			buildSettings = {
				ALWAYS_SEARCH_USER_PATHS = NO;
				ASSETCATALOG_COMPILER_GENERATE_SWIFT_ASSET_SYMBOL_EXTENSIONS = YES;
				CLANG_ANALYZER_NONNULL = YES;
				CLANG_ANALYZER_NUMBER_OBJECT_CONVERSION = YES_AGGRESSIVE;
				CLANG_CXX_LANGUAGE_STANDARD = "gnu++20";
				CLANG_ENABLE_MODULES = YES;
				CLANG_ENABLE_OBJC_ARC = YES;
				CLANG_ENABLE_OBJC_WEAK = YES;
				CLANG_WARN_BLOCK_CAPTURE_AUTORELEASING = YES;
				CLANG_WARN_BOOL_CONVERSION = YES;
				CLANG_WARN_COMMA = YES;
				CLANG_WARN_CONSTANT_CONVERSION = YES;
				CLANG_WARN_DEPRECATED_OBJC_IMPLEMENTATIONS = YES;
				CLANG_WARN_DIRECT_OBJC_ISA_USAGE = YES_ERROR;
				CLANG_WARN_DOCUMENTATION_COMMENTS = YES;
				CLANG_WARN_EMPTY_BODY = YES;
				CLANG_WARN_ENUM_CONVERSION = YES;
				CLANG_WARN_INFINITE_RECURSION = YES;
				CLANG_WARN_INT_CONVERSION = YES;
				CLANG_WARN_NON_LITERAL_NULL_CONVERSION = YES;
				CLANG_WARN_OBJC_IMPLICIT_RETAIN_SELF = YES;
				CLANG_WARN_OBJC_LITERAL_CONVERSION = YES;
				CLANG_WARN_OBJC_ROOT_CLASS = YES_ERROR;
				CLANG_WARN_QUOTED_INCLUDE_IN_FRAMEWORK_HEADER = YES;
				CLANG_WARN_RANGE_LOOP_ANALYSIS = YES;
				CLANG_WARN_STRICT_PROTOTYPES = YES;
				CLANG_WARN_SUSPICIOUS_MOVE = YES;
				CLANG_WARN_UNGUARDED_AVAILABILITY = YES_AGGRESSIVE;
				CLANG_WARN_UNREACHABLE_CODE = YES;
				CLANG_WARN__DUPLICATE_METHOD_MATCH = YES;
				COPY_PHASE_STRIP = NO;
				DEBUG_INFORMATION_FORMAT = "dwarf-with-dsym";
				ENABLE_NS_ASSERTIONS = NO;
				ENABLE_STRICT_OBJC_MSGSEND = YES;
				ENABLE_USER_SCRIPT_SANDBOXING = YES;
				GCC_C_LANGUAGE_STANDARD = gnu17;
				GCC_NO_COMMON_BLOCKS = YES;
				GCC_WARN_64_TO_32_BIT_CONVERSION = YES;
				GCC_WARN_ABOUT_RETURN_TYPE = YES_ERROR;
				GCC_WARN_UNDECLARED_SELECTOR = YES;
				GCC_WARN_UNINITIALIZED_AUTOS = YES_AGGRESSIVE;
				GCC_WARN_UNUSED_FUNCTION = YES;
				GCC_WARN_UNUSED_VARIABLE = YES;
				IPHONEOS_DEPLOYMENT_TARGET = 17.2;
				LOCALIZATION_PREFERS_STRING_CATALOGS = YES;
				MTL_ENABLE_DEBUG_INFO = NO;
				MTL_FAST_MATH = YES;
				SDKROOT = iphoneos;
				SWIFT_COMPILATION_MODE = wholemodule;
				VALIDATE_PRODUCT = YES;
			};
			name = Release;
		};
		D9D210CE2CA9A0BD00EB6A4C /* Debug */ = {
			isa = XCBuildConfiguration;
			baseConfigurationReference = 92734EA30F3964E8F755D474 /* Pods-Reminda.debug.xcconfig */;
			buildSettings = {
				ASSETCATALOG_COMPILER_APPICON_NAME = AppIcon;
				ASSETCATALOG_COMPILER_GLOBAL_ACCENT_COLOR_NAME = AccentColor;
				CODE_SIGN_STYLE = Automatic;
				CURRENT_PROJECT_VERSION = 1;
				DEVELOPMENT_ASSET_PATHS = "\"Reminda/Preview Content\"";
				DEVELOPMENT_TEAM = 23UT633YD5;
				ENABLE_PREVIEWS = YES;
				ENABLE_USER_SCRIPT_SANDBOXING = NO;
				GENERATE_INFOPLIST_FILE = YES;
				INFOPLIST_KEY_UIApplicationSceneManifest_Generation = YES;
				INFOPLIST_KEY_UIApplicationSupportsIndirectInputEvents = YES;
				INFOPLIST_KEY_UILaunchScreen_Generation = YES;
				INFOPLIST_KEY_UISupportedInterfaceOrientations_iPad = "UIInterfaceOrientationPortrait UIInterfaceOrientationPortraitUpsideDown UIInterfaceOrientationLandscapeLeft UIInterfaceOrientationLandscapeRight";
				INFOPLIST_KEY_UISupportedInterfaceOrientations_iPhone = "UIInterfaceOrientationPortrait UIInterfaceOrientationLandscapeLeft UIInterfaceOrientationLandscapeRight";
				IPHONEOS_DEPLOYMENT_TARGET = 16.0;
				LD_RUNPATH_SEARCH_PATHS = (
					"$(inherited)",
					"@executable_path/Frameworks",
				);
				MARKETING_VERSION = 1.0;
				OTHER_SWIFT_FLAGS = "$(inherited) -D COCOAPODS";
				PRODUCT_BUNDLE_IDENTIFIER = com.reminda.Reminda;
				PRODUCT_NAME = "$(TARGET_NAME)";
				SWIFT_EMIT_LOC_STRINGS = YES;
				SWIFT_STRICT_CONCURRENCY = complete;
				SWIFT_VERSION = 5.0;
				TARGETED_DEVICE_FAMILY = "1,2";
			};
			name = Debug;
		};
		D9D210CF2CA9A0BD00EB6A4C /* Release */ = {
			isa = XCBuildConfiguration;
			baseConfigurationReference = 407AFE98DD494C2627E43F4C /* Pods-Reminda.release.xcconfig */;
			buildSettings = {
				ASSETCATALOG_COMPILER_APPICON_NAME = AppIcon;
				ASSETCATALOG_COMPILER_GLOBAL_ACCENT_COLOR_NAME = AccentColor;
				CODE_SIGN_STYLE = Automatic;
				CURRENT_PROJECT_VERSION = 1;
				DEVELOPMENT_ASSET_PATHS = "\"Reminda/Preview Content\"";
				DEVELOPMENT_TEAM = 23UT633YD5;
				ENABLE_PREVIEWS = YES;
				ENABLE_USER_SCRIPT_SANDBOXING = NO;
				GENERATE_INFOPLIST_FILE = YES;
				INFOPLIST_KEY_UIApplicationSceneManifest_Generation = YES;
				INFOPLIST_KEY_UIApplicationSupportsIndirectInputEvents = YES;
				INFOPLIST_KEY_UILaunchScreen_Generation = YES;
				INFOPLIST_KEY_UISupportedInterfaceOrientations_iPad = "UIInterfaceOrientationPortrait UIInterfaceOrientationPortraitUpsideDown UIInterfaceOrientationLandscapeLeft UIInterfaceOrientationLandscapeRight";
				INFOPLIST_KEY_UISupportedInterfaceOrientations_iPhone = "UIInterfaceOrientationPortrait UIInterfaceOrientationLandscapeLeft UIInterfaceOrientationLandscapeRight";
				IPHONEOS_DEPLOYMENT_TARGET = 16.0;
				LD_RUNPATH_SEARCH_PATHS = (
					"$(inherited)",
					"@executable_path/Frameworks",
				);
				MARKETING_VERSION = 1.0;
				OTHER_SWIFT_FLAGS = "$(inherited) -D COCOAPODS";
				PRODUCT_BUNDLE_IDENTIFIER = com.reminda.Reminda;
				PRODUCT_NAME = "$(TARGET_NAME)";
				SWIFT_EMIT_LOC_STRINGS = YES;
				SWIFT_STRICT_CONCURRENCY = complete;
				SWIFT_VERSION = 5.0;
				TARGETED_DEVICE_FAMILY = "1,2";
			};
			name = Release;
		};
		D9D210D12CA9A0BD00EB6A4C /* Debug */ = {
			isa = XCBuildConfiguration;
			baseConfigurationReference = E13EA3BA5956CBBB5F734EA0 /* Pods-RemindaTests.debug.xcconfig */;
			buildSettings = {
				ALWAYS_EMBED_SWIFT_STANDARD_LIBRARIES = YES;
				BUNDLE_LOADER = "$(TEST_HOST)";
				CODE_SIGN_STYLE = Automatic;
				CURRENT_PROJECT_VERSION = 1;
				DEVELOPMENT_TEAM = 23UT633YD5;
				GENERATE_INFOPLIST_FILE = YES;
				IPHONEOS_DEPLOYMENT_TARGET = 17.2;
				MARKETING_VERSION = 1.0;
				PRODUCT_BUNDLE_IDENTIFIER = com.dungnv.RemindaTests;
				PRODUCT_NAME = "$(TARGET_NAME)";
				SWIFT_EMIT_LOC_STRINGS = NO;
				SWIFT_VERSION = 5.0;
				TARGETED_DEVICE_FAMILY = "1,2";
				TEST_HOST = "$(BUILT_PRODUCTS_DIR)/Reminda.app/$(BUNDLE_EXECUTABLE_FOLDER_PATH)/Reminda";
			};
			name = Debug;
		};
		D9D210D22CA9A0BD00EB6A4C /* Release */ = {
			isa = XCBuildConfiguration;
			baseConfigurationReference = CBF87B8527C749ADA249D129 /* Pods-RemindaTests.release.xcconfig */;
			buildSettings = {
				ALWAYS_EMBED_SWIFT_STANDARD_LIBRARIES = YES;
				BUNDLE_LOADER = "$(TEST_HOST)";
				CODE_SIGN_STYLE = Automatic;
				CURRENT_PROJECT_VERSION = 1;
				DEVELOPMENT_TEAM = 23UT633YD5;
				GENERATE_INFOPLIST_FILE = YES;
				IPHONEOS_DEPLOYMENT_TARGET = 17.2;
				MARKETING_VERSION = 1.0;
				PRODUCT_BUNDLE_IDENTIFIER = com.dungnv.RemindaTests;
				PRODUCT_NAME = "$(TARGET_NAME)";
				SWIFT_EMIT_LOC_STRINGS = NO;
				SWIFT_VERSION = 5.0;
				TARGETED_DEVICE_FAMILY = "1,2";
				TEST_HOST = "$(BUILT_PRODUCTS_DIR)/Reminda.app/$(BUNDLE_EXECUTABLE_FOLDER_PATH)/Reminda";
			};
			name = Release;
		};
		D9D210D42CA9A0BD00EB6A4C /* Debug */ = {
			isa = XCBuildConfiguration;
			baseConfigurationReference = 093BBDA9D77BACE88B66EDB0 /* Pods-Reminda-RemindaUITests.debug.xcconfig */;
			buildSettings = {
				ALWAYS_EMBED_SWIFT_STANDARD_LIBRARIES = YES;
				CODE_SIGN_STYLE = Automatic;
				CURRENT_PROJECT_VERSION = 1;
				DEVELOPMENT_TEAM = 23UT633YD5;
				GENERATE_INFOPLIST_FILE = YES;
				MARKETING_VERSION = 1.0;
				PRODUCT_BUNDLE_IDENTIFIER = com.dungnv.RemindaUITests;
				PRODUCT_NAME = "$(TARGET_NAME)";
				SWIFT_EMIT_LOC_STRINGS = NO;
				SWIFT_VERSION = 5.0;
				TARGETED_DEVICE_FAMILY = "1,2";
				TEST_TARGET_NAME = Reminda;
			};
			name = Debug;
		};
		D9D210D52CA9A0BD00EB6A4C /* Release */ = {
			isa = XCBuildConfiguration;
			baseConfigurationReference = 0399286799A7E44A2E4DD7E1 /* Pods-Reminda-RemindaUITests.release.xcconfig */;
			buildSettings = {
				ALWAYS_EMBED_SWIFT_STANDARD_LIBRARIES = YES;
				CODE_SIGN_STYLE = Automatic;
				CURRENT_PROJECT_VERSION = 1;
				DEVELOPMENT_TEAM = 23UT633YD5;
				GENERATE_INFOPLIST_FILE = YES;
				MARKETING_VERSION = 1.0;
				PRODUCT_BUNDLE_IDENTIFIER = com.dungnv.RemindaUITests;
				PRODUCT_NAME = "$(TARGET_NAME)";
				SWIFT_EMIT_LOC_STRINGS = NO;
				SWIFT_VERSION = 5.0;
				TARGETED_DEVICE_FAMILY = "1,2";
				TEST_TARGET_NAME = Reminda;
			};
			name = Release;
		};
/* End XCBuildConfiguration section */

/* Begin XCConfigurationList section */
		D9D210A42CA9A0BA00EB6A4C /* Build configuration list for PBXProject "Reminda" */ = {
			isa = XCConfigurationList;
			buildConfigurations = (
				D9D210CB2CA9A0BD00EB6A4C /* Debug */,
				D9D210CC2CA9A0BD00EB6A4C /* Release */,
			);
			defaultConfigurationIsVisible = 0;
			defaultConfigurationName = Release;
		};
		D9D210CD2CA9A0BD00EB6A4C /* Build configuration list for PBXNativeTarget "Reminda" */ = {
			isa = XCConfigurationList;
			buildConfigurations = (
				D9D210CE2CA9A0BD00EB6A4C /* Debug */,
				D9D210CF2CA9A0BD00EB6A4C /* Release */,
			);
			defaultConfigurationIsVisible = 0;
			defaultConfigurationName = Release;
		};
		D9D210D02CA9A0BD00EB6A4C /* Build configuration list for PBXNativeTarget "RemindaTests" */ = {
			isa = XCConfigurationList;
			buildConfigurations = (
				D9D210D12CA9A0BD00EB6A4C /* Debug */,
				D9D210D22CA9A0BD00EB6A4C /* Release */,
			);
			defaultConfigurationIsVisible = 0;
			defaultConfigurationName = Release;
		};
		D9D210D32CA9A0BD00EB6A4C /* Build configuration list for PBXNativeTarget "RemindaUITests" */ = {
			isa = XCConfigurationList;
			buildConfigurations = (
				D9D210D42CA9A0BD00EB6A4C /* Debug */,
				D9D210D52CA9A0BD00EB6A4C /* Release */,
			);
			defaultConfigurationIsVisible = 0;
			defaultConfigurationName = Release;
		};
/* End XCConfigurationList section */
	};
	rootObject = D9D210A12CA9A0BA00EB6A4C /* Project object */;
}
