// !$*UTF8*$!
{
	archiveVersion = 1;
	classes = {
	};
	objectVersion = 56;
	objects = {

/* Begin PBXBuildFile section */
		D9D210AD2CA9A0BA00EB6A4C /* RemindaApp.swift in Sources */ = {isa = PBXBuildFile; fileRef = D9D210AC2CA9A0BA00EB6A4C /* RemindaApp.swift */; };
		D9D210AF2CA9A0BA00EB6A4C /* ContentView.swift in Sources */ = {isa = PBXBuildFile; fileRef = D9D210AE2CA9A0BA00EB6A4C /* ContentView.swift */; };
		D9D210B12CA9A0BC00EB6A4C /* Assets.xcassets in Resources */ = {isa = PBXBuildFile; fileRef = D9D210B02CA9A0BC00EB6A4C /* Assets.xcassets */; };
		D9D210B42CA9A0BC00EB6A4C /* Preview Assets.xcassets in Resources */ = {isa = PBXBuildFile; fileRef = D9D210B32CA9A0BC00EB6A4C /* Preview Assets.xcassets */; };
		D9D210BE2CA9A0BD00EB6A4C /* RemindaTests.swift in Sources */ = {isa = PBXBuildFile; fileRef = D9D210BD2CA9A0BD00EB6A4C /* RemindaTests.swift */; };
		D9D210C82CA9A0BD00EB6A4C /* RemindaUITests.swift in Sources */ = {isa = PBXBuildFile; fileRef = D9D210C72CA9A0BD00EB6A4C /* RemindaUITests.swift */; };
		D9D210CA2CA9A0BD00EB6A4C /* RemindaUITestsLaunchTests.swift in Sources */ = {isa = PBXBuildFile; fileRef = D9D210C92CA9A0BD00EB6A4C /* RemindaUITestsLaunchTests.swift */; };
/* End PBXBuildFile section */

/* Begin PBXContainerItemProxy section */
		D9D210BA2CA9A0BD00EB6A4C /* PBXContainerItemProxy */ = {
			isa = PBXContainerItemProxy;
			containerPortal = D9D210A12CA9A0BA00EB6A4C /* Project object */;
			proxyType = 1;
			remoteGlobalIDString = D9D210A82CA9A0BA00EB6A4C;
			remoteInfo = Reminda;
		};
		D9D210C42CA9A0BD00EB6A4C /* PBXContainerItemProxy */ = {
			isa = PBXContainerItemProxy;
			containerPortal = D9D210A12CA9A0BA00EB6A4C /* Project object */;
			proxyType = 1;
			remoteGlobalIDString = D9D210A82CA9A0BA00EB6A4C;
			remoteInfo = Reminda;
		};
/* End PBXContainerItemProxy section */

/* Begin PBXFileReference section */
		D9D210A92CA9A0BA00EB6A4C /* Reminda.app */ = {isa = PBXFileReference; explicitFileType = wrapper.application; includeInIndex = 0; path = Reminda.app; sourceTree = BUILT_PRODUCTS_DIR; };
		D9D210AC2CA9A0BA00EB6A4C /* RemindaApp.swift */ = {isa = PBXFileReference; lastKnownFileType = sourcecode.swift; path = RemindaApp.swift; sourceTree = "<group>"; };
		D9D210AE2CA9A0BA00EB6A4C /* ContentView.swift */ = {isa = PBXFileReference; lastKnownFileType = sourcecode.swift; path = ContentView.swift; sourceTree = "<group>"; };
		D9D210B02CA9A0BC00EB6A4C /* Assets.xcassets */ = {isa = PBXFileReference; lastKnownFileType = folder.assetcatalog; path = Assets.xcassets; sourceTree = "<group>"; };
		D9D210B32CA9A0BC00EB6A4C /* Preview Assets.xcassets */ = {isa = PBXFileReference; lastKnownFileType = folder.assetcatalog; path = "Preview Assets.xcassets"; sourceTree = "<group>"; };
		D9D210B92CA9A0BD00EB6A4C /* RemindaTests.xctest */ = {isa = PBXFileReference; explicitFileType = wrapper.cfbundle; includeInIndex = 0; path = RemindaTests.xctest; sourceTree = BUILT_PRODUCTS_DIR; };
		D9D210BD2CA9A0BD00EB6A4C /* RemindaTests.swift */ = {isa = PBXFileReference; lastKnownFileType = sourcecode.swift; path = RemindaTests.swift; sourceTree = "<group>"; };
		D9D210C32CA9A0BD00EB6A4C /* RemindaUITests.xctest */ = {isa = PBXFileReference; explicitFileType = wrapper.cfbundle; includeInIndex = 0; path = RemindaUITests.xctest; sourceTree = BUILT_PRODUCTS_DIR; };
		D9D210C72CA9A0BD00EB6A4C /* RemindaUITests.swift */ = {isa = PBXFileReference; lastKnownFileType = sourcecode.swift; path = RemindaUITests.swift; sourceTree = "<group>"; };
		D9D210C92CA9A0BD00EB6A4C /* RemindaUITestsLaunchTests.swift */ = {isa = PBXFileReference; lastKnownFileType = sourcecode.swift; path = RemindaUITestsLaunchTests.swift; sourceTree = "<group>"; };
/* End PBXFileReference section */

/* Begin PBXFrameworksBuildPhase section */
		D9D210A62CA9A0BA00EB6A4C /* Frameworks */ = {
			isa = PBXFrameworksBuildPhase;
			buildActionMask = 2147483647;
			files = (
			);
			runOnlyForDeploymentPostprocessing = 0;
		};
		D9D210B62CA9A0BD00EB6A4C /* Frameworks */ = {
			isa = PBXFrameworksBuildPhase;
			buildActionMask = 2147483647;
			files = (
			);
			runOnlyForDeploymentPostprocessing = 0;
		};
		D9D210C02CA9A0BD00EB6A4C /* Frameworks */ = {
			isa = PBXFrameworksBuildPhase;
			buildActionMask = 2147483647;
			files = (
			);
			runOnlyForDeploymentPostprocessing = 0;
		};
/* End PBXFrameworksBuildPhase section */

/* Begin PBXGroup section */
		D9D210A02CA9A0BA00EB6A4C = {
			isa = PBXGroup;
			children = (
				D9D210AB2CA9A0BA00EB6A4C /* Reminda */,
				D9D210BC2CA9A0BD00EB6A4C /* RemindaTests */,
				D9D210C62CA9A0BD00EB6A4C /* RemindaUITests */,
				D9D210AA2CA9A0BA00EB6A4C /* Products */,
			);
			sourceTree = "<group>";
		};
		D9D210AA2CA9A0BA00EB6A4C /* Products */ = {
			isa = PBXGroup;
			children = (
				D9D210A92CA9A0BA00EB6A4C /* Reminda.app */,
				D9D210B92CA9A0BD00EB6A4C /* RemindaTests.xctest */,
				D9D210C32CA9A0BD00EB6A4C /* RemindaUITests.xctest */,
			);
			name = Products;
			sourceTree = "<group>";
		};
		D9D210AB2CA9A0BA00EB6A4C /* Reminda */ = {
			isa = PBXGroup;
			children = (
				D9D210AC2CA9A0BA00EB6A4C /* RemindaApp.swift */,
				D9D210AE2CA9A0BA00EB6A4C /* ContentView.swift */,
				D9D210B02CA9A0BC00EB6A4C /* Assets.xcassets */,
				D9D210B22CA9A0BC00EB6A4C /* Preview Content */,
			);
			path = Reminda;
			sourceTree = "<group>";
		};
		D9D210B22CA9A0BC00EB6A4C /* Preview Content */ = {
			isa = PBXGroup;
			children = (
				D9D210B32CA9A0BC00EB6A4C /* Preview Assets.xcassets */,
			);
			path = "Preview Content";
			sourceTree = "<group>";
		};
		D9D210BC2CA9A0BD00EB6A4C /* RemindaTests */ = {
			isa = PBXGroup;
			children = (
				D9D210BD2CA9A0BD00EB6A4C /* RemindaTests.swift */,
			);
			path = RemindaTests;
			sourceTree = "<group>";
		};
		D9D210C62CA9A0BD00EB6A4C /* RemindaUITests */ = {
			isa = PBXGroup;
			children = (
				D9D210C72CA9A0BD00EB6A4C /* RemindaUITests.swift */,
				D9D210C92CA9A0BD00EB6A4C /* RemindaUITestsLaunchTests.swift */,
			);
			path = RemindaUITests;
			sourceTree = "<group>";
		};
/* End PBXGroup section */

/* Begin PBXNativeTarget section */
		D9D210A82CA9A0BA00EB6A4C /* Reminda */ = {
			isa = PBXNativeTarget;
			buildConfigurationList = D9D210CD2CA9A0BD00EB6A4C /* Build configuration list for PBXNativeTarget "Reminda" */;
			buildPhases = (
				D9D210A52CA9A0BA00EB6A4C /* Sources */,
				D9D210A62CA9A0BA00EB6A4C /* Frameworks */,
				D9D210A72CA9A0BA00EB6A4C /* Resources */,
			);
			buildRules = (
			);
			dependencies = (
			);
			name = Reminda;
			productName = Reminda;
			productReference = D9D210A92CA9A0BA00EB6A4C /* Reminda.app */;
			productType = "com.apple.product-type.application";
		};
		D9D210B82CA9A0BD00EB6A4C /* RemindaTests */ = {
			isa = PBXNativeTarget;
			buildConfigurationList = D9D210D02CA9A0BD00EB6A4C /* Build configuration list for PBXNativeTarget "RemindaTests" */;
			buildPhases = (
				D9D210B52CA9A0BD00EB6A4C /* Sources */,
				D9D210B62CA9A0BD00EB6A4C /* Frameworks */,
				D9D210B72CA9A0BD00EB6A4C /* Resources */,
			);
			buildRules = (
			);
			dependencies = (
				D9D210BB2CA9A0BD00EB6A4C /* PBXTargetDependency */,
			);
			name = RemindaTests;
			productName = RemindaTests;
			productReference = D9D210B92CA9A0BD00EB6A4C /* RemindaTests.xctest */;
			productType = "com.apple.product-type.bundle.unit-test";
		};
		D9D210C22CA9A0BD00EB6A4C /* RemindaUITests */ = {
			isa = PBXNativeTarget;
			buildConfigurationList = D9D210D32CA9A0BD00EB6A4C /* Build configuration list for PBXNativeTarget "RemindaUITests" */;
			buildPhases = (
				D9D210BF2CA9A0BD00EB6A4C /* Sources */,
				D9D210C02CA9A0BD00EB6A4C /* Frameworks */,
				D9D210C12CA9A0BD00EB6A4C /* Resources */,
			);
			buildRules = (
			);
			dependencies = (
				D9D210C52CA9A0BD00EB6A4C /* PBXTargetDependency */,
			);
			name = RemindaUITests;
			productName = RemindaUITests;
			productReference = D9D210C32CA9A0BD00EB6A4C /* RemindaUITests.xctest */;
			productType = "com.apple.product-type.bundle.ui-testing";
		};
/* End PBXNativeTarget section */

/* Begin PBXProject section */
		D9D210A12CA9A0BA00EB6A4C /* Project object */ = {
			isa = PBXProject;
			attributes = {
				BuildIndependentTargetsInParallel = 1;
				LastSwiftUpdateCheck = 1520;
				LastUpgradeCheck = 1520;
				TargetAttributes = {
					D9D210A82CA9A0BA00EB6A4C = {
						CreatedOnToolsVersion = 15.2;
					};
					D9D210B82CA9A0BD00EB6A4C = {
						CreatedOnToolsVersion = 15.2;
						TestTargetID = D9D210A82CA9A0BA00EB6A4C;
					};
					D9D210C22CA9A0BD00EB6A4C = {
						CreatedOnToolsVersion = 15.2;
						TestTargetID = D9D210A82CA9A0BA00EB6A4C;
					};
				};
			};
			buildConfigurationList = D9D210A42CA9A0BA00EB6A4C /* Build configuration list for PBXProject "Reminda" */;
			compatibilityVersion = "Xcode 14.0";
			developmentRegion = en;
			hasScannedForEncodings = 0;
			knownRegions = (
				en,
				Base,
			);
			mainGroup = D9D210A02CA9A0BA00EB6A4C;
			productRefGroup = D9D210AA2CA9A0BA00EB6A4C /* Products */;
			projectDirPath = "";
			projectRoot = "";
			targets = (
				D9D210A82CA9A0BA00EB6A4C /* Reminda */,
				D9D210B82CA9A0BD00EB6A4C /* RemindaTests */,
				D9D210C22CA9A0BD00EB6A4C /* RemindaUITests */,
			);
		};
/* End PBXProject section */

/* Begin PBXResourcesBuildPhase section */
		D9D210A72CA9A0BA00EB6A4C /* Resources */ = {
			isa = PBXResourcesBuildPhase;
			buildActionMask = 2147483647;
			files = (
				D9D210B42CA9A0BC00EB6A4C /* Preview Assets.xcassets in Resources */,
				D9D210B12CA9A0BC00EB6A4C /* Assets.xcassets in Resources */,
			);
			runOnlyForDeploymentPostprocessing = 0;
		};
		D9D210B72CA9A0BD00EB6A4C /* Resources */ = {
			isa = PBXResourcesBuildPhase;
			buildActionMask = 2147483647;
			files = (
			);
			runOnlyForDeploymentPostprocessing = 0;
		};
		D9D210C12CA9A0BD00EB6A4C /* Resources */ = {
			isa = PBXResourcesBuildPhase;
			buildActionMask = 2147483647;
			files = (
			);
			runOnlyForDeploymentPostprocessing = 0;
		};
/* End PBXResourcesBuildPhase section */

/* Begin PBXSourcesBuildPhase section */
		D9D210A52CA9A0BA00EB6A4C /* Sources */ = {
			isa = PBXSourcesBuildPhase;
			buildActionMask = 2147483647;
			files = (
				D9D210AF2CA9A0BA00EB6A4C /* ContentView.swift in Sources */,
				D9D210AD2CA9A0BA00EB6A4C /* RemindaApp.swift in Sources */,
			);
			runOnlyForDeploymentPostprocessing = 0;
		};
		D9D210B52CA9A0BD00EB6A4C /* Sources */ = {
			isa = PBXSourcesBuildPhase;
			buildActionMask = 2147483647;
			files = (
				D9D210BE2CA9A0BD00EB6A4C /* RemindaTests.swift in Sources */,
			);
			runOnlyForDeploymentPostprocessing = 0;
		};
		D9D210BF2CA9A0BD00EB6A4C /* Sources */ = {
			isa = PBXSourcesBuildPhase;
			buildActionMask = 2147483647;
			files = (
				D9D210C82CA9A0BD00EB6A4C /* RemindaUITests.swift in Sources */,
				D9D210CA2CA9A0BD00EB6A4C /* RemindaUITestsLaunchTests.swift in Sources */,
			);
			runOnlyForDeploymentPostprocessing = 0;
		};
/* End PBXSourcesBuildPhase section */

/* Begin PBXTargetDependency section */
		D9D210BB2CA9A0BD00EB6A4C /* PBXTargetDependency */ = {
			isa = PBXTargetDependency;
			target = D9D210A82CA9A0BA00EB6A4C /* Reminda */;
			targetProxy = D9D210BA2CA9A0BD00EB6A4C /* PBXContainerItemProxy */;
		};
		D9D210C52CA9A0BD00EB6A4C /* PBXTargetDependency */ = {
			isa = PBXTargetDependency;
			target = D9D210A82CA9A0BA00EB6A4C /* Reminda */;
			targetProxy = D9D210C42CA9A0BD00EB6A4C /* PBXContainerItemProxy */;
		};
/* End PBXTargetDependency section */

/* Begin XCBuildConfiguration section */
		D9D210CB2CA9A0BD00EB6A4C /* Debug */ = {
			isa = XCBuildConfiguration;
			buildSettings = {
				ALWAYS_SEARCH_USER_PATHS = NO;
				ASSETCATALOG_COMPILER_GENERATE_SWIFT_ASSET_SYMBOL_EXTENSIONS = YES;
				CLANG_ANALYZER_NONNULL = YES;
				CLANG_ANALYZER_NUMBER_OBJECT_CONVERSION = YES_AGGRESSIVE;
				CLANG_CXX_LANGUAGE_STANDARD = "gnu++20";
				CLANG_ENABLE_MODULES = YES;
				CLANG_ENABLE_OBJC_ARC = YES;
				CLANG_ENABLE_OBJC_WEAK = YES;
				CLANG_WARN_BLOCK_CAPTURE_AUTORELEASING = YES;
				CLANG_WARN_BOOL_CONVERSION = YES;
				CLANG_WARN_COMMA = YES;
				CLANG_WARN_CONSTANT_CONVERSION = YES;
				CLANG_WARN_DEPRECATED_OBJC_IMPLEMENTATIONS = YES;
				CLANG_WARN_DIRECT_OBJC_ISA_USAGE = YES_ERROR;
				CLANG_WARN_DOCUMENTATION_COMMENTS = YES;
				CLANG_WARN_EMPTY_BODY = YES;
				CLANG_WARN_ENUM_CONVERSION = YES;
				CLANG_WARN_INFINITE_RECURSION = YES;
				CLANG_WARN_INT_CONVERSION = YES;
				CLANG_WARN_NON_LITERAL_NULL_CONVERSION = YES;
				CLANG_WARN_OBJC_IMPLICIT_RETAIN_SELF = YES;
				CLANG_WARN_OBJC_LITERAL_CONVERSION = YES;
				CLANG_WARN_OBJC_ROOT_CLASS = YES_ERROR;
				CLANG_WARN_QUOTED_INCLUDE_IN_FRAMEWORK_HEADER = YES;
				CLANG_WARN_RANGE_LOOP_ANALYSIS = YES;
				CLANG_WARN_STRICT_PROTOTYPES = YES;
				CLANG_WARN_SUSPICIOUS_MOVE = YES;
				CLANG_WARN_UNGUARDED_AVAILABILITY = YES_AGGRESSIVE;
				CLANG_WARN_UNREACHABLE_CODE = YES;
				CLANG_WARN__DUPLICATE_METHOD_MATCH = YES;
				COPY_PHASE_STRIP = NO;
				DEBUG_INFORMATION_FORMAT = dwarf;
				ENABLE_STRICT_OBJC_MSGSEND = YES;
				ENABLE_TESTABILITY = YES;
				ENABLE_USER_SCRIPT_SANDBOXING = YES;
				GCC_C_LANGUAGE_STANDARD = gnu17;
				GCC_DYNAMIC_NO_PIC = NO;
				GCC_NO_COMMON_BLOCKS = YES;
				GCC_OPTIMIZATION_LEVEL = 0;
				GCC_PREPROCESSOR_DEFINITIONS = (
					"DEBUG=1",
					"$(inherited)",
				);
				GCC_WARN_64_TO_32_BIT_CONVERSION = YES;
				GCC_WARN_ABOUT_RETURN_TYPE = YES_ERROR;
				GCC_WARN_UNDECLARED_SELECTOR = YES;
				GCC_WARN_UNINITIALIZED_AUTOS = YES_AGGRESSIVE;
				GCC_WARN_UNUSED_FUNCTION = YES;
				GCC_WARN_UNUSED_VARIABLE = YES;
				IPHONEOS_DEPLOYMENT_TARGET = 17.2;
				LOCALIZATION_PREFERS_STRING_CATALOGS = YES;
				MTL_ENABLE_DEBUG_INFO = INCLUDE_SOURCE;
				MTL_FAST_MATH = YES;
				ONLY_ACTIVE_ARCH = YES;
				SDKROOT = iphoneos;
				SWIFT_ACTIVE_COMPILATION_CONDITIONS = "DEBUG $(inherited)";
				SWIFT_OPTIMIZATION_LEVEL = "-Onone";
			};
			name = Debug;
		};
		D9D210CC2CA9A0BD00EB6A4C /* Release */ = {
			isa = XCBuildConfiguration;
			buildSettings = {
				ALWAYS_SEARCH_USER_PATHS = NO;
				ASSETCATALOG_COMPILER_GENERATE_SWIFT_ASSET_SYMBOL_EXTENSIONS = YES;
				CLANG_ANALYZER_NONNULL = YES;
				CLANG_ANALYZER_NUMBER_OBJECT_CONVERSION = YES_AGGRESSIVE;
				CLANG_CXX_LANGUAGE_STANDARD = "gnu++20";
				CLANG_ENABLE_MODULES = YES;
				CLANG_ENABLE_OBJC_ARC = YES;
				CLANG_ENABLE_OBJC_WEAK = YES;
				CLANG_WARN_BLOCK_CAPTURE_AUTORELEASING = YES;
				CLANG_WARN_BOOL_CONVERSION = YES;
				CLANG_WARN_COMMA = YES;
				CLANG_WARN_CONSTANT_CONVERSION = YES;
				CLANG_WARN_DEPRECATED_OBJC_IMPLEMENTATIONS = YES;
				CLANG_WARN_DIRECT_OBJC_ISA_USAGE = YES_ERROR;
				CLANG_WARN_DOCUMENTATION_COMMENTS = YES;
				CLANG_WARN_EMPTY_BODY = YES;
				CLANG_WARN_ENUM_CONVERSION = YES;
				CLANG_WARN_INFINITE_RECURSION = YES;
				CLANG_WARN_INT_CONVERSION = YES;
				CLANG_WARN_NON_LITERAL_NULL_CONVERSION = YES;
				CLANG_WARN_OBJC_IMPLICIT_RETAIN_SELF = YES;
				CLANG_WARN_OBJC_LITERAL_CONVERSION = YES;
				CLANG_WARN_OBJC_ROOT_CLASS = YES_ERROR;
				CLANG_WARN_QUOTED_INCLUDE_IN_FRAMEWORK_HEADER = YES;
				CLANG_WARN_RANGE_LOOP_ANALYSIS = YES;
				CLANG_WARN_STRICT_PROTOTYPES = YES;
				CLANG_WARN_SUSPICIOUS_MOVE = YES;
				CLANG_WARN_UNGUARDED_AVAILABILITY = YES_AGGRESSIVE;
				CLANG_WARN_UNREACHABLE_CODE = YES;
				CLANG_WARN__DUPLICATE_METHOD_MATCH = YES;
				COPY_PHASE_STRIP = NO;
				DEBUG_INFORMATION_FORMAT = "dwarf-with-dsym";
				ENABLE_NS_ASSERTIONS = NO;
				ENABLE_STRICT_OBJC_MSGSEND = YES;
				ENABLE_USER_SCRIPT_SANDBOXING = YES;
				GCC_C_LANGUAGE_STANDARD = gnu17;
				GCC_NO_COMMON_BLOCKS = YES;
				GCC_WARN_64_TO_32_BIT_CONVERSION = YES;
				GCC_WARN_ABOUT_RETURN_TYPE = YES_ERROR;
				GCC_WARN_UNDECLARED_SELECTOR = YES;
				GCC_WARN_UNINITIALIZED_AUTOS = YES_AGGRESSIVE;
				GCC_WARN_UNUSED_FUNCTION = YES;
				GCC_WARN_UNUSED_VARIABLE = YES;
				IPHONEOS_DEPLOYMENT_TARGET = 17.2;
				LOCALIZATION_PREFERS_STRING_CATALOGS = YES;
				MTL_ENABLE_DEBUG_INFO = NO;
				MTL_FAST_MATH = YES;
				SDKROOT = iphoneos;
				SWIFT_COMPILATION_MODE = wholemodule;
				VALIDATE_PRODUCT = YES;
			};
			name = Release;
		};
		D9D210CE2CA9A0BD00EB6A4C /* Debug */ = {
			isa = XCBuildConfiguration;
			buildSettings = {
				ASSETCATALOG_COMPILER_APPICON_NAME = AppIcon;
				ASSETCATALOG_COMPILER_GLOBAL_ACCENT_COLOR_NAME = AccentColor;
				CODE_SIGN_STYLE = Automatic;
				CURRENT_PROJECT_VERSION = 1;
				DEVELOPMENT_ASSET_PATHS = "\"Reminda/Preview Content\"";
				DEVELOPMENT_TEAM = 23UT633YD5;
				ENABLE_PREVIEWS = YES;
				GENERATE_INFOPLIST_FILE = YES;
				INFOPLIST_KEY_UIApplicationSceneManifest_Generation = YES;
				INFOPLIST_KEY_UIApplicationSupportsIndirectInputEvents = YES;
				INFOPLIST_KEY_UILaunchScreen_Generation = YES;
				INFOPLIST_KEY_UISupportedInterfaceOrientations_iPad = "UIInterfaceOrientationPortrait UIInterfaceOrientationPortraitUpsideDown UIInterfaceOrientationLandscapeLeft UIInterfaceOrientationLandscapeRight";
				INFOPLIST_KEY_UISupportedInterfaceOrientations_iPhone = "UIInterfaceOrientationPortrait UIInterfaceOrientationLandscapeLeft UIInterfaceOrientationLandscapeRight";
				LD_RUNPATH_SEARCH_PATHS = (
					"$(inherited)",
					"@executable_path/Frameworks",
				);
				MARKETING_VERSION = 1.0;
				PRODUCT_BUNDLE_IDENTIFIER = com.dungnv.Reminda;
				PRODUCT_NAME = "$(TARGET_NAME)";
				SWIFT_EMIT_LOC_STRINGS = YES;
				SWIFT_VERSION = 5.0;
				TARGETED_DEVICE_FAMILY = "1,2";
			};
			name = Debug;
		};
		D9D210CF2CA9A0BD00EB6A4C /* Release */ = {
			isa = XCBuildConfiguration;
			buildSettings = {
				ASSETCATALOG_COMPILER_APPICON_NAME = AppIcon;
				ASSETCATALOG_COMPILER_GLOBAL_ACCENT_COLOR_NAME = AccentColor;
				CODE_SIGN_STYLE = Automatic;
				CURRENT_PROJECT_VERSION = 1;
				DEVELOPMENT_ASSET_PATHS = "\"Reminda/Preview Content\"";
				DEVELOPMENT_TEAM = 23UT633YD5;
				ENABLE_PREVIEWS = YES;
				GENERATE_INFOPLIST_FILE = YES;
				INFOPLIST_KEY_UIApplicationSceneManifest_Generation = YES;
				INFOPLIST_KEY_UIApplicationSupportsIndirectInputEvents = YES;
				INFOPLIST_KEY_UILaunchScreen_Generation = YES;
				INFOPLIST_KEY_UISupportedInterfaceOrientations_iPad = "UIInterfaceOrientationPortrait UIInterfaceOrientationPortraitUpsideDown UIInterfaceOrientationLandscapeLeft UIInterfaceOrientationLandscapeRight";
				INFOPLIST_KEY_UISupportedInterfaceOrientations_iPhone = "UIInterfaceOrientationPortrait UIInterfaceOrientationLandscapeLeft UIInterfaceOrientationLandscapeRight";
				LD_RUNPATH_SEARCH_PATHS = (
					"$(inherited)",
					"@executable_path/Frameworks",
				);
				MARKETING_VERSION = 1.0;
				PRODUCT_BUNDLE_IDENTIFIER = com.dungnv.Reminda;
				PRODUCT_NAME = "$(TARGET_NAME)";
				SWIFT_EMIT_LOC_STRINGS = YES;
				SWIFT_VERSION = 5.0;
				TARGETED_DEVICE_FAMILY = "1,2";
			};
			name = Release;
		};
		D9D210D12CA9A0BD00EB6A4C /* Debug */ = {
			isa = XCBuildConfiguration;
			buildSettings = {
				ALWAYS_EMBED_SWIFT_STANDARD_LIBRARIES = YES;
				BUNDLE_LOADER = "$(TEST_HOST)";
				CODE_SIGN_STYLE = Automatic;
				CURRENT_PROJECT_VERSION = 1;
				DEVELOPMENT_TEAM = 23UT633YD5;
				GENERATE_INFOPLIST_FILE = YES;
				IPHONEOS_DEPLOYMENT_TARGET = 17.2;
				MARKETING_VERSION = 1.0;
				PRODUCT_BUNDLE_IDENTIFIER = com.dungnv.RemindaTests;
				PRODUCT_NAME = "$(TARGET_NAME)";
				SWIFT_EMIT_LOC_STRINGS = NO;
				SWIFT_VERSION = 5.0;
				TARGETED_DEVICE_FAMILY = "1,2";
				TEST_HOST = "$(BUILT_PRODUCTS_DIR)/Reminda.app/$(BUNDLE_EXECUTABLE_FOLDER_PATH)/Reminda";
			};
			name = Debug;
		};
		D9D210D22CA9A0BD00EB6A4C /* Release */ = {
			isa = XCBuildConfiguration;
			buildSettings = {
				ALWAYS_EMBED_SWIFT_STANDARD_LIBRARIES = YES;
				BUNDLE_LOADER = "$(TEST_HOST)";
				CODE_SIGN_STYLE = Automatic;
				CURRENT_PROJECT_VERSION = 1;
				DEVELOPMENT_TEAM = 23UT633YD5;
				GENERATE_INFOPLIST_FILE = YES;
				IPHONEOS_DEPLOYMENT_TARGET = 17.2;
				MARKETING_VERSION = 1.0;
				PRODUCT_BUNDLE_IDENTIFIER = com.dungnv.RemindaTests;
				PRODUCT_NAME = "$(TARGET_NAME)";
				SWIFT_EMIT_LOC_STRINGS = NO;
				SWIFT_VERSION = 5.0;
				TARGETED_DEVICE_FAMILY = "1,2";
				TEST_HOST = "$(BUILT_PRODUCTS_DIR)/Reminda.app/$(BUNDLE_EXECUTABLE_FOLDER_PATH)/Reminda";
			};
			name = Release;
		};
		D9D210D42CA9A0BD00EB6A4C /* Debug */ = {
			isa = XCBuildConfiguration;
			buildSettings = {
				ALWAYS_EMBED_SWIFT_STANDARD_LIBRARIES = YES;
				CODE_SIGN_STYLE = Automatic;
				CURRENT_PROJECT_VERSION = 1;
				DEVELOPMENT_TEAM = 23UT633YD5;
				GENERATE_INFOPLIST_FILE = YES;
				MARKETING_VERSION = 1.0;
				PRODUCT_BUNDLE_IDENTIFIER = com.dungnv.RemindaUITests;
				PRODUCT_NAME = "$(TARGET_NAME)";
				SWIFT_EMIT_LOC_STRINGS = NO;
				SWIFT_VERSION = 5.0;
				TARGETED_DEVICE_FAMILY = "1,2";
				TEST_TARGET_NAME = Reminda;
			};
			name = Debug;
		};
		D9D210D52CA9A0BD00EB6A4C /* Release */ = {
			isa = XCBuildConfiguration;
			buildSettings = {
				ALWAYS_EMBED_SWIFT_STANDARD_LIBRARIES = YES;
				CODE_SIGN_STYLE = Automatic;
				CURRENT_PROJECT_VERSION = 1;
				DEVELOPMENT_TEAM = 23UT633YD5;
				GENERATE_INFOPLIST_FILE = YES;
				MARKETING_VERSION = 1.0;
				PRODUCT_BUNDLE_IDENTIFIER = com.dungnv.RemindaUITests;
				PRODUCT_NAME = "$(TARGET_NAME)";
				SWIFT_EMIT_LOC_STRINGS = NO;
				SWIFT_VERSION = 5.0;
				TARGETED_DEVICE_FAMILY = "1,2";
				TEST_TARGET_NAME = Reminda;
			};
			name = Release;
		};
/* End XCBuildConfiguration section */

/* Begin XCConfigurationList section */
		D9D210A42CA9A0BA00EB6A4C /* Build configuration list for PBXProject "Reminda" */ = {
			isa = XCConfigurationList;
			buildConfigurations = (
				D9D210CB2CA9A0BD00EB6A4C /* Debug */,
				D9D210CC2CA9A0BD00EB6A4C /* Release */,
			);
			defaultConfigurationIsVisible = 0;
			defaultConfigurationName = Release;
		};
		D9D210CD2CA9A0BD00EB6A4C /* Build configuration list for PBXNativeTarget "Reminda" */ = {
			isa = XCConfigurationList;
			buildConfigurations = (
				D9D210CE2CA9A0BD00EB6A4C /* Debug */,
				D9D210CF2CA9A0BD00EB6A4C /* Release */,
			);
			defaultConfigurationIsVisible = 0;
			defaultConfigurationName = Release;
		};
		D9D210D02CA9A0BD00EB6A4C /* Build configuration list for PBXNativeTarget "RemindaTests" */ = {
			isa = XCConfigurationList;
			buildConfigurations = (
				D9D210D12CA9A0BD00EB6A4C /* Debug */,
				D9D210D22CA9A0BD00EB6A4C /* Release */,
			);
			defaultConfigurationIsVisible = 0;
			defaultConfigurationName = Release;
		};
		D9D210D32CA9A0BD00EB6A4C /* Build configuration list for PBXNativeTarget "RemindaUITests" */ = {
			isa = XCConfigurationList;
			buildConfigurations = (
				D9D210D42CA9A0BD00EB6A4C /* Debug */,
				D9D210D52CA9A0BD00EB6A4C /* Release */,
			);
			defaultConfigurationIsVisible = 0;
			defaultConfigurationName = Release;
		};
/* End XCConfigurationList section */
	};
	rootObject = D9D210A12CA9A0BA00EB6A4C /* Project object */;
}
